<?xml version="1.0" encoding="utf-8"?>
<Project ToolsVersion="4.0" xmlns="http://schemas.microsoft.com/developer/msbuild/2003">
  <ItemGroup>
    <Filter Include="Source Files">
      <UniqueIdentifier>{4FC737F1-C7A5-4376-A066-2A32D752A2FF}</UniqueIdentifier>
      <Extensions>cpp;c;cc;cxx;def;odl;idl;hpj;bat;asm;asmx</Extensions>
    </Filter>
    <Filter Include="Header Files">
      <UniqueIdentifier>{93995380-89BD-4b04-88EB-625FBE52EBFB}</UniqueIdentifier>
      <Extensions>h;hpp;hxx;hm;inl;inc;xsd</Extensions>
    </Filter>
    <Filter Include="Resource Files">
      <UniqueIdentifier>{67DA6AB6-F800-4c08-8B7A-83BB121AAD01}</UniqueIdentifier>
      <Extensions>rc;ico;cur;bmp;dlg;rc2;rct;bin;rgs;gif;jpg;jpeg;jpe;resx;tiff;tif;png;wav</Extensions>
    </Filter>
  </ItemGroup>
  <ItemGroup>
    <ClInclude Include="resource.h">
      <Filter>Header Files</Filter>
    </ClInclude>
    <ClInclude Include="stdafx.h">
      <Filter>Header Files</Filter>
    </ClInclude>
  </ItemGroup>
  <ItemGroup>
    <Image Include="res\Arrows\bottom_left.bmp">
      <Filter>Resource Files</Filter>
    </Image>
    <Image Include="res\Arrows\bottom_right.bmp">
      <Filter>Resource Files</Filter>
    </Image>
    <Image Include="res\32X32\Brush.bmp">
      <Filter>Resource Files</Filter>
    </Image>
    <Image Include="res\16X16\Brush.bmp">
      <Filter>Resource Files</Filter>
    </Image>
    <Image Include="res\48X48\Brush.bmp">
      <Filter>Resource Files</Filter>
    </Image>
    <Image Include="res\24X24\Brush.bmp">
      <Filter>Resource Files</Filter>
    </Image>
    <Image Include="res\48X48\Eraser.bmp">
      <Filter>Resource Files</Filter>
    </Image>
    <Image Include="res\16X16\Eraser.bmp">
      <Filter>Resource Files</Filter>
    </Image>
    <Image Include="res\32X32\Eraser.bmp">
      <Filter>Resource Files</Filter>
    </Image>
    <Image Include="res\24X24\Eraser.bmp">
      <Filter>Resource Files</Filter>
    </Image>
    <Image Include="res\OpticalPen.ico">
      <Filter>Resource Files</Filter>
    </Image>
    <Image Include="res\Arrows\top_left.bmp">
      <Filter>Resource Files</Filter>
    </Image>
    <Image Include="res\Arrows\top_right.bmp">
      <Filter>Resource Files</Filter>
    </Image>
  </ItemGroup>
  <ItemGroup>
    <None Include="res\cursor_DrawScreenArea.cur">
      <Filter>Resource Files</Filter>
    </None>
    <None Include="res\Cursor_SplitHorz.cur">
      <Filter>Resource Files</Filter>
    </None>
    <None Include="res\hand.cur">
      <Filter>Resource Files</Filter>
    </None>
    <None Include="res\Cursor_SplitVert.cur">
      <Filter>Resource Files</Filter>
    </None>
  </ItemGroup>
  <ItemGroup>
    <ResourceCompile Include="ESP_RES.rc">
      <Filter>Resource Files</Filter>
    </ResourceCompile>
  </ItemGroup>
  <ItemGroup>
    <Text Include="ReadMe.txt" />
  </ItemGroup>
</Project>