
Microsoft Visual Studio Solution File, Format Version 12.00
# Visual Studio 14
VisualStudioVersion = 14.0.25420.1
MinimumVisualStudioVersion = 10.0.40219.1
Project("{8BC9CEB8-8B4A-11D0-8D11-00A0C91BC942}") = "BaseClasses", "BaseClasses\BaseClasses.vcxproj", "{11DBE4F3-FDD0-4403-8F44-0A2C048FA1FD}"
EndProject
Project("{8BC9CEB8-8B4A-11D0-8D11-00A0C91BC942}") = "CHS_RES", "CHS_RES\CHS_RES.vcxproj", "{B7DB4895-A0A1-4DEA-94D3-B95124712C64}"
EndProject
Project("{8BC9CEB8-8B4A-11D0-8D11-00A0C91BC942}") = "IWB_Interface", "IWB_Interface\IWB_Interface.vcxproj", "{661F91AD-3FBE-444B-92EB-267F502249C5}"
EndProject
Project("{8BC9CEB8-8B4A-11D0-8D11-00A0C91BC942}") = "IWB", "IWB\IWB.vcxproj", "{AE2A900D-7164-4238-9ECE-307FFD640442}"
EndProject
Project("{8BC9CEB8-8B4A-11D0-8D11-00A0C91BC942}") = "AlgoLib", "AlgoLib\AlgoLib.vcxproj", "{E9E185B2-1A18-4B01-8857-5BBCE2B9BD8F}"
	ProjectSection(ProjectDependencies) = postProject
		{7771FB19-E2AE-498C-B637-EBA51584D173} = {7771FB19-E2AE-498C-B637-EBA51584D173}
	EndProjectSection
EndProject
Project("{8BC9CEB8-8B4A-11D0-8D11-00A0C91BC942}") = "KOR_RES", "KOR_RES\KOR_RES.vcxproj", "{EBF14A50-3844-4768-9A65-9876FE24BD8C}"
EndProject
Project("{8BC9CEB8-8B4A-11D0-8D11-00A0C91BC942}") = "CHT_RES", "CHT_RES\CHT_RES.vcxproj", "{C1B20979-623B-46D2-A998-809673E2D8D1}"
EndProject
Project("{8BC9CEB8-8B4A-11D0-8D11-00A0C91BC942}") = "ESP_RES", "ESP_RES\ESP_RES.vcxproj", "{1216AAEE-8E8C-4D0A-97C3-BF5AEEE852C7}"
EndProject
Project("{8BC9CEB8-8B4A-11D0-8D11-00A0C91BC942}") = "MorphologyAlgo", "MorphologyAlgo\MorphologyAlgo\MorphologyAlgo.vcxproj", "{31FC5F0D-7479-4DE4-BFF9-483641FDEE1C}"
EndProject
Project("{8BC9CEB8-8B4A-11D0-8D11-00A0C91BC942}") = "CameraModel", "CameraModel\CameraModel.vcxproj", "{92F8FB96-D945-433C-8568-AED1495E242C}"
EndProject
Project("{8BC9CEB8-8B4A-11D0-8D11-00A0C91BC942}") = "ShareMemoryRegion", "ShareMemoryRegion\ShareMemoryRegion\ShareMemoryRegion.vcxproj", "{413200A8-B3BD-4BB1-A4AC-13E1DB0F8D3E}"
EndProject
Project("{8BC9CEB8-8B4A-11D0-8D11-00A0C91BC942}") = "WinGestureRecognition", "WinGestureRecognition\WinGestureRecognition.vcxproj", "{BD6C4536-EEDC-486E-B9B0-E195CE95FF9B}"
EndProject
Project("{8BC9CEB8-8B4A-11D0-8D11-00A0C91BC942}") = "WinShellUtility", "WinShellUtility\WinShellUtility\WinShellUtility.vcxproj", "{5E5ABFCF-C8F1-40F5-B9EF-88BA166951C6}"
EndProject
Project("{8BC9CEB8-8B4A-11D0-8D11-00A0C91BC942}") = "MJPG_Decoder", "MJPG_Codec\MJPG_Decoder\MJPG_Decoder.vcxproj", "{2E86F259-6DBB-4815-ACCA-63D5A5033E1D}"
EndProject
Project("{8BC9CEB8-8B4A-11D0-8D11-00A0C91BC942}") = "MJPG_Encoder", "MJPG_Codec\MJPG_Encoder\MJPG_Encoder.vcxproj", "{B160CBBD-5A20-48BC-9D48-7D9684BD509E}"
EndProject
Project("{8BC9CEB8-8B4A-11D0-8D11-00A0C91BC942}") = "ProcessDetection", "ProcessDetection\ProcessDetection.vcxproj", "{97E229BB-5EF4-424A-B9FF-F129A376B206}"
EndProject
Project("{8BC9CEB8-8B4A-11D0-8D11-00A0C91BC942}") = "THAI_RES", "THAI_RES\THAI_RES.vcxproj", "{130727BE-097A-4516-99BE-7E94F873ECF4}"
EndProject
Project("{8BC9CEB8-8B4A-11D0-8D11-00A0C91BC942}") = "VIT_RES", "VIT_RES\VIT_RES.vcxproj", "{E58AFC3B-F01D-47CF-BBC5-962D3D507D58}"
EndProject
Project("{8BC9CEB8-8B4A-11D0-8D11-00A0C91BC942}") = "DEU_RES", "DEU_RES\DEU_RES.vcxproj", "{70285797-172B-4D5A-B437-4A6281649A93}"
EndProject
Project("{8BC9CEB8-8B4A-11D0-8D11-00A0C91BC942}") = "FRA_RES", "FRA_RES\FRA_RES.vcxproj", "{97C8DF63-45CB-497A-B9E8-1FA491CAC8F9}"
EndProject
Project("{8BC9CEB8-8B4A-11D0-8D11-00A0C91BC942}") = "ITA_RES", "ITA_RES\ITA_RES.vcxproj", "{AB272043-A3C5-4063-9189-E444113A6B70}"
EndProject
Project("{8BC9CEB8-8B4A-11D0-8D11-00A0C91BC942}") = "PTG_RES", "PTG_RES\PTG_RES.vcxproj", "{A11E718D-AA48-4177-98F0-A1552683E58C}"
EndProject
Project("{8BC9CEB8-8B4A-11D0-8D11-00A0C91BC942}") = "RUS_RES", "RUS_RES\RUS_RES.vcxproj", "{2EECDA73-DCFA-404D-869E-F973A90877ED}"
EndProject
Project("{8BC9CEB8-8B4A-11D0-8D11-00A0C91BC942}") = "GenAutoStartupShortcut", "GenAutoStartupShortcut\GenAutoStartupShortcut.vcxproj", "{0FDD90E1-86FA-493F-AB7F-04946535CFD9}"
EndProject
Project("{8BC9CEB8-8B4A-11D0-8D11-00A0C91BC942}") = "PNG", "PNG\PNG.vcxproj", "{DBE1E4AD-D25B-4F21-A643-1B7C996C7217}"
EndProject
Project("{8BC9CEB8-8B4A-11D0-8D11-00A0C91BC942}") = "zlib", "zlib\zlib.vcxproj", "{0BA1506A-9CDA-47E2-B1DD-B042AA5E57A0}"
EndProject
Project("{8BC9CEB8-8B4A-11D0-8D11-00A0C91BC942}") = "libTUIO", "IWB_TUIO\libTUIO.vcxproj", "{E1C28E7D-466C-4D0A-AEB1-CFFD0F6F5645}"
EndProject
Project("{8BC9CEB8-8B4A-11D0-8D11-00A0C91BC942}") = "libAVI", "libAVI\libAVI.vcxproj", "{7771FB19-E2AE-498C-B637-EBA51584D173}"
EndProject
Global
	GlobalSection(SolutionConfigurationPlatforms) = preSolution
		Debug|Win32 = Debug|Win32
		Debug|x64 = Debug|x64
		Release_CCDRoate90|Win32 = Release_CCDRoate90|Win32
		Release_CCDRoate90|x64 = Release_CCDRoate90|x64
		Release_HUAN_SUO|Win32 = Release_HUAN_SUO|Win32
		Release_HUAN_SUO|x64 = Release_HUAN_SUO|x64
		Release_Neutral|Win32 = Release_Neutral|Win32
		Release_Neutral|x64 = Release_Neutral|x64
		Release_PicoProjector|Win32 = Release_PicoProjector|Win32
		Release_PicoProjector|x64 = Release_PicoProjector|x64
		Release|Win32 = Release|Win32
		Release|x64 = Release|x64
		RemoteDebug|Win32 = RemoteDebug|Win32
		RemoteDebug|x64 = RemoteDebug|x64
		RemoteDebug-xk|Win32 = RemoteDebug-xk|Win32
		RemoteDebug-xk|x64 = RemoteDebug-xk|x64
		RemoteRelease|Win32 = RemoteRelease|Win32
		RemoteRelease|x64 = RemoteRelease|x64
	EndGlobalSection
	GlobalSection(ProjectConfigurationPlatforms) = postSolution
		{11DBE4F3-FDD0-4403-8F44-0A2C048FA1FD}.Debug|Win32.ActiveCfg = Debug|Win32
		{11DBE4F3-FDD0-4403-8F44-0A2C048FA1FD}.Debug|Win32.Build.0 = Debug|Win32
		{11DBE4F3-FDD0-4403-8F44-0A2C048FA1FD}.Debug|x64.ActiveCfg = Debug|Win32
		{11DBE4F3-FDD0-4403-8F44-0A2C048FA1FD}.Release_CCDRoate90|Win32.ActiveCfg = Release_PicoProjector|Win32
		{11DBE4F3-FDD0-4403-8F44-0A2C048FA1FD}.Release_CCDRoate90|Win32.Build.0 = Release_PicoProjector|Win32
		{11DBE4F3-FDD0-4403-8F44-0A2C048FA1FD}.Release_CCDRoate90|x64.ActiveCfg = RemoteRelease|Win32
		{11DBE4F3-FDD0-4403-8F44-0A2C048FA1FD}.Release_CCDRoate90|x64.Build.0 = RemoteRelease|Win32
		{11DBE4F3-FDD0-4403-8F44-0A2C048FA1FD}.Release_HUAN_SUO|Win32.ActiveCfg = Release_HUAN_SUO|Win32
		{11DBE4F3-FDD0-4403-8F44-0A2C048FA1FD}.Release_HUAN_SUO|Win32.Build.0 = Release_HUAN_SUO|Win32
		{11DBE4F3-FDD0-4403-8F44-0A2C048FA1FD}.Release_HUAN_SUO|x64.ActiveCfg = Release_HUAN_SUO|Win32
		{11DBE4F3-FDD0-4403-8F44-0A2C048FA1FD}.Release_Neutral|Win32.ActiveCfg = Release_Neutral|Win32
		{11DBE4F3-FDD0-4403-8F44-0A2C048FA1FD}.Release_Neutral|Win32.Build.0 = Release_Neutral|Win32
		{11DBE4F3-FDD0-4403-8F44-0A2C048FA1FD}.Release_Neutral|x64.ActiveCfg = Release_Neutral|Win32
		{11DBE4F3-FDD0-4403-8F44-0A2C048FA1FD}.Release_PicoProjector|Win32.ActiveCfg = Release_PicoProjector|Win32
		{11DBE4F3-FDD0-4403-8F44-0A2C048FA1FD}.Release_PicoProjector|Win32.Build.0 = Release_PicoProjector|Win32
		{11DBE4F3-FDD0-4403-8F44-0A2C048FA1FD}.Release_PicoProjector|x64.ActiveCfg = Release_PicoProjector|Win32
		{11DBE4F3-FDD0-4403-8F44-0A2C048FA1FD}.Release|Win32.ActiveCfg = Release|Win32
		{11DBE4F3-FDD0-4403-8F44-0A2C048FA1FD}.Release|Win32.Build.0 = Release|Win32
		{11DBE4F3-FDD0-4403-8F44-0A2C048FA1FD}.Release|x64.ActiveCfg = Release|Win32
		{11DBE4F3-FDD0-4403-8F44-0A2C048FA1FD}.RemoteDebug|Win32.ActiveCfg = RemoteDebug|Win32
		{11DBE4F3-FDD0-4403-8F44-0A2C048FA1FD}.RemoteDebug|Win32.Build.0 = RemoteDebug|Win32
		{11DBE4F3-FDD0-4403-8F44-0A2C048FA1FD}.RemoteDebug|x64.ActiveCfg = RemoteDebug|Win32
		{11DBE4F3-FDD0-4403-8F44-0A2C048FA1FD}.RemoteDebug-xk|Win32.ActiveCfg = RemoteDebug-xk|Win32
		{11DBE4F3-FDD0-4403-8F44-0A2C048FA1FD}.RemoteDebug-xk|Win32.Build.0 = RemoteDebug-xk|Win32
		{11DBE4F3-FDD0-4403-8F44-0A2C048FA1FD}.RemoteDebug-xk|x64.ActiveCfg = RemoteDebug-xk|Win32
		{11DBE4F3-FDD0-4403-8F44-0A2C048FA1FD}.RemoteRelease|Win32.ActiveCfg = RemoteRelease|Win32
		{11DBE4F3-FDD0-4403-8F44-0A2C048FA1FD}.RemoteRelease|Win32.Build.0 = RemoteRelease|Win32
		{11DBE4F3-FDD0-4403-8F44-0A2C048FA1FD}.RemoteRelease|x64.ActiveCfg = RemoteRelease|Win32
		{B7DB4895-A0A1-4DEA-94D3-B95124712C64}.Debug|Win32.ActiveCfg = Debug|Win32
		{B7DB4895-A0A1-4DEA-94D3-B95124712C64}.Debug|Win32.Build.0 = Debug|Win32
		{B7DB4895-A0A1-4DEA-94D3-B95124712C64}.Debug|x64.ActiveCfg = Debug|Win32
		{B7DB4895-A0A1-4DEA-94D3-B95124712C64}.Release_CCDRoate90|Win32.ActiveCfg = Release_PicoProjector|Win32
		{B7DB4895-A0A1-4DEA-94D3-B95124712C64}.Release_CCDRoate90|Win32.Build.0 = Release_PicoProjector|Win32
		{B7DB4895-A0A1-4DEA-94D3-B95124712C64}.Release_CCDRoate90|x64.ActiveCfg = RemoteRelease|Win32
		{B7DB4895-A0A1-4DEA-94D3-B95124712C64}.Release_CCDRoate90|x64.Build.0 = RemoteRelease|Win32
		{B7DB4895-A0A1-4DEA-94D3-B95124712C64}.Release_HUAN_SUO|Win32.ActiveCfg = Release|Win32
		{B7DB4895-A0A1-4DEA-94D3-B95124712C64}.Release_HUAN_SUO|Win32.Build.0 = Release|Win32
		{B7DB4895-A0A1-4DEA-94D3-B95124712C64}.Release_HUAN_SUO|x64.ActiveCfg = Release-SingleTouch|Win32
		{B7DB4895-A0A1-4DEA-94D3-B95124712C64}.Release_HUAN_SUO|x64.Build.0 = Release-SingleTouch|Win32
		{B7DB4895-A0A1-4DEA-94D3-B95124712C64}.Release_Neutral|Win32.ActiveCfg = Release_Neutral|Win32
		{B7DB4895-A0A1-4DEA-94D3-B95124712C64}.Release_Neutral|Win32.Build.0 = Release_Neutral|Win32
		{B7DB4895-A0A1-4DEA-94D3-B95124712C64}.Release_Neutral|x64.ActiveCfg = Release_Neutral|Win32
		{B7DB4895-A0A1-4DEA-94D3-B95124712C64}.Release_PicoProjector|Win32.ActiveCfg = Release_Neutral|Win32
		{B7DB4895-A0A1-4DEA-94D3-B95124712C64}.Release_PicoProjector|Win32.Build.0 = Release_Neutral|Win32
		{B7DB4895-A0A1-4DEA-94D3-B95124712C64}.Release_PicoProjector|x64.ActiveCfg = Release_PicoProjector|Win32
		{B7DB4895-A0A1-4DEA-94D3-B95124712C64}.Release|Win32.ActiveCfg = Release|Win32
		{B7DB4895-A0A1-4DEA-94D3-B95124712C64}.Release|Win32.Build.0 = Release|Win32
		{B7DB4895-A0A1-4DEA-94D3-B95124712C64}.Release|x64.ActiveCfg = Release|Win32
		{B7DB4895-A0A1-4DEA-94D3-B95124712C64}.RemoteDebug|Win32.ActiveCfg = RemoteDebug|Win32
		{B7DB4895-A0A1-4DEA-94D3-B95124712C64}.RemoteDebug|Win32.Build.0 = RemoteDebug|Win32
		{B7DB4895-A0A1-4DEA-94D3-B95124712C64}.RemoteDebug|x64.ActiveCfg = RemoteDebug|Win32
		{B7DB4895-A0A1-4DEA-94D3-B95124712C64}.RemoteDebug-xk|Win32.ActiveCfg = RemoteDebug-xk|Win32
		{B7DB4895-A0A1-4DEA-94D3-B95124712C64}.RemoteDebug-xk|Win32.Build.0 = RemoteDebug-xk|Win32
		{B7DB4895-A0A1-4DEA-94D3-B95124712C64}.RemoteDebug-xk|x64.ActiveCfg = RemoteDebug-xk|Win32
		{B7DB4895-A0A1-4DEA-94D3-B95124712C64}.RemoteRelease|Win32.ActiveCfg = RemoteRelease|Win32
		{B7DB4895-A0A1-4DEA-94D3-B95124712C64}.RemoteRelease|Win32.Build.0 = RemoteRelease|Win32
		{B7DB4895-A0A1-4DEA-94D3-B95124712C64}.RemoteRelease|x64.ActiveCfg = RemoteRelease|Win32
		{661F91AD-3FBE-444B-92EB-267F502249C5}.Debug|Win32.ActiveCfg = Debug|Win32
		{661F91AD-3FBE-444B-92EB-267F502249C5}.Debug|Win32.Build.0 = Debug|Win32
		{661F91AD-3FBE-444B-92EB-267F502249C5}.Debug|x64.ActiveCfg = Debug|Win32
		{661F91AD-3FBE-444B-92EB-267F502249C5}.Release_CCDRoate90|Win32.ActiveCfg = Release_PicoProjector|Win32
		{661F91AD-3FBE-444B-92EB-267F502249C5}.Release_CCDRoate90|Win32.Build.0 = Release_PicoProjector|Win32
		{661F91AD-3FBE-444B-92EB-267F502249C5}.Release_CCDRoate90|x64.ActiveCfg = RemoteDebug-xk|Win32
		{661F91AD-3FBE-444B-92EB-267F502249C5}.Release_CCDRoate90|x64.Build.0 = RemoteDebug-xk|Win32
		{661F91AD-3FBE-444B-92EB-267F502249C5}.Release_HUAN_SUO|Win32.ActiveCfg = Release|Win32
		{661F91AD-3FBE-444B-92EB-267F502249C5}.Release_HUAN_SUO|Win32.Build.0 = Release|Win32
		{661F91AD-3FBE-444B-92EB-267F502249C5}.Release_HUAN_SUO|x64.ActiveCfg = RemoteRelease|Win32
		{661F91AD-3FBE-444B-92EB-267F502249C5}.Release_HUAN_SUO|x64.Build.0 = RemoteRelease|Win32
		{661F91AD-3FBE-444B-92EB-267F502249C5}.Release_Neutral|Win32.ActiveCfg = Release_Neutral|Win32
		{661F91AD-3FBE-444B-92EB-267F502249C5}.Release_Neutral|Win32.Build.0 = Release_Neutral|Win32
		{661F91AD-3FBE-444B-92EB-267F502249C5}.Release_Neutral|x64.ActiveCfg = Release_Neutral|Win32
		{661F91AD-3FBE-444B-92EB-267F502249C5}.Release_PicoProjector|Win32.ActiveCfg = Release_PicoProjector|Win32
		{661F91AD-3FBE-444B-92EB-267F502249C5}.Release_PicoProjector|Win32.Build.0 = Release_PicoProjector|Win32
		{661F91AD-3FBE-444B-92EB-267F502249C5}.Release_PicoProjector|x64.ActiveCfg = Release_PicoProjector|Win32
		{661F91AD-3FBE-444B-92EB-267F502249C5}.Release|Win32.ActiveCfg = Release|Win32
		{661F91AD-3FBE-444B-92EB-267F502249C5}.Release|Win32.Build.0 = Release|Win32
		{661F91AD-3FBE-444B-92EB-267F502249C5}.Release|x64.ActiveCfg = Release|Win32
		{661F91AD-3FBE-444B-92EB-267F502249C5}.RemoteDebug|Win32.ActiveCfg = RemoteDebug|Win32
		{661F91AD-3FBE-444B-92EB-267F502249C5}.RemoteDebug|Win32.Build.0 = RemoteDebug|Win32
		{661F91AD-3FBE-444B-92EB-267F502249C5}.RemoteDebug|x64.ActiveCfg = RemoteDebug|Win32
		{661F91AD-3FBE-444B-92EB-267F502249C5}.RemoteDebug-xk|Win32.ActiveCfg = RemoteDebug-xk|Win32
		{661F91AD-3FBE-444B-92EB-267F502249C5}.RemoteDebug-xk|Win32.Build.0 = RemoteDebug-xk|Win32
		{661F91AD-3FBE-444B-92EB-267F502249C5}.RemoteDebug-xk|x64.ActiveCfg = RemoteDebug-xk|Win32
		{661F91AD-3FBE-444B-92EB-267F502249C5}.RemoteRelease|Win32.ActiveCfg = RemoteRelease|Win32
		{661F91AD-3FBE-444B-92EB-267F502249C5}.RemoteRelease|Win32.Build.0 = RemoteRelease|Win32
		{661F91AD-3FBE-444B-92EB-267F502249C5}.RemoteRelease|x64.ActiveCfg = RemoteRelease|Win32
		{AE2A900D-7164-4238-9ECE-307FFD640442}.Debug|Win32.ActiveCfg = Debug|Win32
		{AE2A900D-7164-4238-9ECE-307FFD640442}.Debug|Win32.Build.0 = Debug|Win32
		{AE2A900D-7164-4238-9ECE-307FFD640442}.Debug|x64.ActiveCfg = Debug|Win32
		{AE2A900D-7164-4238-9ECE-307FFD640442}.Release_CCDRoate90|Win32.ActiveCfg = Release_CCDRoate90|Win32
		{AE2A900D-7164-4238-9ECE-307FFD640442}.Release_CCDRoate90|Win32.Build.0 = Release_CCDRoate90|Win32
		{AE2A900D-7164-4238-9ECE-307FFD640442}.Release_CCDRoate90|x64.ActiveCfg = Release_CCDRoate90|Win32
		{AE2A900D-7164-4238-9ECE-307FFD640442}.Release_HUAN_SUO|Win32.ActiveCfg = Release_HUAN_SUO|Win32
		{AE2A900D-7164-4238-9ECE-307FFD640442}.Release_HUAN_SUO|Win32.Build.0 = Release_HUAN_SUO|Win32
		{AE2A900D-7164-4238-9ECE-307FFD640442}.Release_HUAN_SUO|x64.ActiveCfg = Release_HUAN_SUO|Win32
		{AE2A900D-7164-4238-9ECE-307FFD640442}.Release_Neutral|Win32.ActiveCfg = Release_Neutral|Win32
		{AE2A900D-7164-4238-9ECE-307FFD640442}.Release_Neutral|Win32.Build.0 = Release_Neutral|Win32
		{AE2A900D-7164-4238-9ECE-307FFD640442}.Release_Neutral|x64.ActiveCfg = Release_Neutral|Win32
		{AE2A900D-7164-4238-9ECE-307FFD640442}.Release_PicoProjector|Win32.ActiveCfg = Release_PicoProjector|Win32
		{AE2A900D-7164-4238-9ECE-307FFD640442}.Release_PicoProjector|Win32.Build.0 = Release_PicoProjector|Win32
		{AE2A900D-7164-4238-9ECE-307FFD640442}.Release_PicoProjector|x64.ActiveCfg = Release_PicoProjector|Win32
		{AE2A900D-7164-4238-9ECE-307FFD640442}.Release|Win32.ActiveCfg = Release|Win32
		{AE2A900D-7164-4238-9ECE-307FFD640442}.Release|Win32.Build.0 = Release|Win32
		{AE2A900D-7164-4238-9ECE-307FFD640442}.Release|x64.ActiveCfg = Release|Win32
		{AE2A900D-7164-4238-9ECE-307FFD640442}.RemoteDebug|Win32.ActiveCfg = RemoteDebug|Win32
		{AE2A900D-7164-4238-9ECE-307FFD640442}.RemoteDebug|Win32.Build.0 = RemoteDebug|Win32
		{AE2A900D-7164-4238-9ECE-307FFD640442}.RemoteDebug|x64.ActiveCfg = RemoteDebug|Win32
		{AE2A900D-7164-4238-9ECE-307FFD640442}.RemoteDebug-xk|Win32.ActiveCfg = RemoteDebug|Win32
		{AE2A900D-7164-4238-9ECE-307FFD640442}.RemoteDebug-xk|Win32.Build.0 = RemoteDebug|Win32
		{AE2A900D-7164-4238-9ECE-307FFD640442}.RemoteDebug-xk|x64.ActiveCfg = RemoteRelease|Win32
		{AE2A900D-7164-4238-9ECE-307FFD640442}.RemoteDebug-xk|x64.Build.0 = RemoteRelease|Win32
		{AE2A900D-7164-4238-9ECE-307FFD640442}.RemoteRelease|Win32.ActiveCfg = RemoteRelease|Win32
		{AE2A900D-7164-4238-9ECE-307FFD640442}.RemoteRelease|Win32.Build.0 = RemoteRelease|Win32
		{AE2A900D-7164-4238-9ECE-307FFD640442}.RemoteRelease|x64.ActiveCfg = RemoteRelease|Win32
		{E9E185B2-1A18-4B01-8857-5BBCE2B9BD8F}.Debug|Win32.ActiveCfg = Debug|Win32
		{E9E185B2-1A18-4B01-8857-5BBCE2B9BD8F}.Debug|Win32.Build.0 = Debug|Win32
		{E9E185B2-1A18-4B01-8857-5BBCE2B9BD8F}.Debug|x64.ActiveCfg = Debug|Win32
		{E9E185B2-1A18-4B01-8857-5BBCE2B9BD8F}.Release_CCDRoate90|Win32.ActiveCfg = Release_PicoProjector|Win32
		{E9E185B2-1A18-4B01-8857-5BBCE2B9BD8F}.Release_CCDRoate90|Win32.Build.0 = Release_PicoProjector|Win32
		{E9E185B2-1A18-4B01-8857-5BBCE2B9BD8F}.Release_CCDRoate90|x64.ActiveCfg = RemoteRelease|Win32
		{E9E185B2-1A18-4B01-8857-5BBCE2B9BD8F}.Release_CCDRoate90|x64.Build.0 = RemoteRelease|Win32
		{E9E185B2-1A18-4B01-8857-5BBCE2B9BD8F}.Release_HUAN_SUO|Win32.ActiveCfg = Release_HUAN_SUO|Win32
		{E9E185B2-1A18-4B01-8857-5BBCE2B9BD8F}.Release_HUAN_SUO|Win32.Build.0 = Release_HUAN_SUO|Win32
		{E9E185B2-1A18-4B01-8857-5BBCE2B9BD8F}.Release_HUAN_SUO|x64.ActiveCfg = Release_HUAN_SUO|Win32
		{E9E185B2-1A18-4B01-8857-5BBCE2B9BD8F}.Release_Neutral|Win32.ActiveCfg = Release_Neutral|Win32
		{E9E185B2-1A18-4B01-8857-5BBCE2B9BD8F}.Release_Neutral|Win32.Build.0 = Release_Neutral|Win32
		{E9E185B2-1A18-4B01-8857-5BBCE2B9BD8F}.Release_Neutral|x64.ActiveCfg = Release_Neutral|Win32
		{E9E185B2-1A18-4B01-8857-5BBCE2B9BD8F}.Release_PicoProjector|Win32.ActiveCfg = Release_PicoProjector|Win32
		{E9E185B2-1A18-4B01-8857-5BBCE2B9BD8F}.Release_PicoProjector|Win32.Build.0 = Release_PicoProjector|Win32
		{E9E185B2-1A18-4B01-8857-5BBCE2B9BD8F}.Release_PicoProjector|x64.ActiveCfg = Release_PicoProjector|Win32
		{E9E185B2-1A18-4B01-8857-5BBCE2B9BD8F}.Release|Win32.ActiveCfg = Release|Win32
		{E9E185B2-1A18-4B01-8857-5BBCE2B9BD8F}.Release|Win32.Build.0 = Release|Win32
		{E9E185B2-1A18-4B01-8857-5BBCE2B9BD8F}.Release|x64.ActiveCfg = Release|Win32
		{E9E185B2-1A18-4B01-8857-5BBCE2B9BD8F}.RemoteDebug|Win32.ActiveCfg = RemoteDebug|Win32
		{E9E185B2-1A18-4B01-8857-5BBCE2B9BD8F}.RemoteDebug|Win32.Build.0 = RemoteDebug|Win32
		{E9E185B2-1A18-4B01-8857-5BBCE2B9BD8F}.RemoteDebug|x64.ActiveCfg = RemoteDebug|Win32
		{E9E185B2-1A18-4B01-8857-5BBCE2B9BD8F}.RemoteDebug-xk|Win32.ActiveCfg = RemoteDebug-xk|Win32
		{E9E185B2-1A18-4B01-8857-5BBCE2B9BD8F}.RemoteDebug-xk|Win32.Build.0 = RemoteDebug-xk|Win32
		{E9E185B2-1A18-4B01-8857-5BBCE2B9BD8F}.RemoteDebug-xk|x64.ActiveCfg = RemoteDebug-xk|Win32
		{E9E185B2-1A18-4B01-8857-5BBCE2B9BD8F}.RemoteRelease|Win32.ActiveCfg = RemoteRelease|Win32
		{E9E185B2-1A18-4B01-8857-5BBCE2B9BD8F}.RemoteRelease|Win32.Build.0 = RemoteRelease|Win32
		{E9E185B2-1A18-4B01-8857-5BBCE2B9BD8F}.RemoteRelease|x64.ActiveCfg = RemoteRelease|Win32
		{EBF14A50-3844-4768-9A65-9876FE24BD8C}.Debug|Win32.ActiveCfg = Debug|Win32
		{EBF14A50-3844-4768-9A65-9876FE24BD8C}.Debug|Win32.Build.0 = Debug|Win32
		{EBF14A50-3844-4768-9A65-9876FE24BD8C}.Debug|x64.ActiveCfg = Debug|Win32
		{EBF14A50-3844-4768-9A65-9876FE24BD8C}.Release_CCDRoate90|Win32.ActiveCfg = Release_PicoProjector|Win32
		{EBF14A50-3844-4768-9A65-9876FE24BD8C}.Release_CCDRoate90|Win32.Build.0 = Release_PicoProjector|Win32
		{EBF14A50-3844-4768-9A65-9876FE24BD8C}.Release_CCDRoate90|x64.ActiveCfg = RemoteRelease|Win32
		{EBF14A50-3844-4768-9A65-9876FE24BD8C}.Release_CCDRoate90|x64.Build.0 = RemoteRelease|Win32
		{EBF14A50-3844-4768-9A65-9876FE24BD8C}.Release_HUAN_SUO|Win32.ActiveCfg = Release|Win32
		{EBF14A50-3844-4768-9A65-9876FE24BD8C}.Release_HUAN_SUO|Win32.Build.0 = Release|Win32
		{EBF14A50-3844-4768-9A65-9876FE24BD8C}.Release_HUAN_SUO|x64.ActiveCfg = Release-SingleTouch|Win32
		{EBF14A50-3844-4768-9A65-9876FE24BD8C}.Release_HUAN_SUO|x64.Build.0 = Release-SingleTouch|Win32
		{EBF14A50-3844-4768-9A65-9876FE24BD8C}.Release_Neutral|Win32.ActiveCfg = Release_Neutral|Win32
		{EBF14A50-3844-4768-9A65-9876FE24BD8C}.Release_Neutral|Win32.Build.0 = Release_Neutral|Win32
		{EBF14A50-3844-4768-9A65-9876FE24BD8C}.Release_Neutral|x64.ActiveCfg = Release_Neutral|Win32
		{EBF14A50-3844-4768-9A65-9876FE24BD8C}.Release_PicoProjector|Win32.ActiveCfg = Release_Neutral|Win32
		{EBF14A50-3844-4768-9A65-9876FE24BD8C}.Release_PicoProjector|Win32.Build.0 = Release_Neutral|Win32
		{EBF14A50-3844-4768-9A65-9876FE24BD8C}.Release_PicoProjector|x64.ActiveCfg = Release_PicoProjector|Win32
		{EBF14A50-3844-4768-9A65-9876FE24BD8C}.Release|Win32.ActiveCfg = Release|Win32
		{EBF14A50-3844-4768-9A65-9876FE24BD8C}.Release|Win32.Build.0 = Release|Win32
		{EBF14A50-3844-4768-9A65-9876FE24BD8C}.Release|x64.ActiveCfg = Release|Win32
		{EBF14A50-3844-4768-9A65-9876FE24BD8C}.RemoteDebug|Win32.ActiveCfg = RemoteDebug|Win32
		{EBF14A50-3844-4768-9A65-9876FE24BD8C}.RemoteDebug|Win32.Build.0 = RemoteDebug|Win32
		{EBF14A50-3844-4768-9A65-9876FE24BD8C}.RemoteDebug|x64.ActiveCfg = RemoteDebug|Win32
		{EBF14A50-3844-4768-9A65-9876FE24BD8C}.RemoteDebug-xk|Win32.ActiveCfg = RemoteDebug-xk|Win32
		{EBF14A50-3844-4768-9A65-9876FE24BD8C}.RemoteDebug-xk|Win32.Build.0 = RemoteDebug-xk|Win32
		{EBF14A50-3844-4768-9A65-9876FE24BD8C}.RemoteDebug-xk|x64.ActiveCfg = RemoteDebug-xk|Win32
		{EBF14A50-3844-4768-9A65-9876FE24BD8C}.RemoteRelease|Win32.ActiveCfg = RemoteRelease|Win32
		{EBF14A50-3844-4768-9A65-9876FE24BD8C}.RemoteRelease|Win32.Build.0 = RemoteRelease|Win32
		{EBF14A50-3844-4768-9A65-9876FE24BD8C}.RemoteRelease|x64.ActiveCfg = RemoteRelease|Win32
		{C1B20979-623B-46D2-A998-809673E2D8D1}.Debug|Win32.ActiveCfg = Debug|Win32
		{C1B20979-623B-46D2-A998-809673E2D8D1}.Debug|Win32.Build.0 = Debug|Win32
		{C1B20979-623B-46D2-A998-809673E2D8D1}.Debug|x64.ActiveCfg = Debug|Win32
		{C1B20979-623B-46D2-A998-809673E2D8D1}.Release_CCDRoate90|Win32.ActiveCfg = Release_PicoProjector|Win32
		{C1B20979-623B-46D2-A998-809673E2D8D1}.Release_CCDRoate90|Win32.Build.0 = Release_PicoProjector|Win32
		{C1B20979-623B-46D2-A998-809673E2D8D1}.Release_CCDRoate90|x64.ActiveCfg = RemoteRelease|Win32
		{C1B20979-623B-46D2-A998-809673E2D8D1}.Release_CCDRoate90|x64.Build.0 = RemoteRelease|Win32
		{C1B20979-623B-46D2-A998-809673E2D8D1}.Release_HUAN_SUO|Win32.ActiveCfg = Release|Win32
		{C1B20979-623B-46D2-A998-809673E2D8D1}.Release_HUAN_SUO|Win32.Build.0 = Release|Win32
		{C1B20979-623B-46D2-A998-809673E2D8D1}.Release_HUAN_SUO|x64.ActiveCfg = Release-SingleTouch|Win32
		{C1B20979-623B-46D2-A998-809673E2D8D1}.Release_HUAN_SUO|x64.Build.0 = Release-SingleTouch|Win32
		{C1B20979-623B-46D2-A998-809673E2D8D1}.Release_Neutral|Win32.ActiveCfg = Release_Neutral|Win32
		{C1B20979-623B-46D2-A998-809673E2D8D1}.Release_Neutral|Win32.Build.0 = Release_Neutral|Win32
		{C1B20979-623B-46D2-A998-809673E2D8D1}.Release_Neutral|x64.ActiveCfg = Release_Neutral|Win32
		{C1B20979-623B-46D2-A998-809673E2D8D1}.Release_PicoProjector|Win32.ActiveCfg = Release_Neutral|Win32
		{C1B20979-623B-46D2-A998-809673E2D8D1}.Release_PicoProjector|Win32.Build.0 = Release_Neutral|Win32
		{C1B20979-623B-46D2-A998-809673E2D8D1}.Release_PicoProjector|x64.ActiveCfg = Release_PicoProjector|Win32
		{C1B20979-623B-46D2-A998-809673E2D8D1}.Release|Win32.ActiveCfg = Release|Win32
		{C1B20979-623B-46D2-A998-809673E2D8D1}.Release|Win32.Build.0 = Release|Win32
		{C1B20979-623B-46D2-A998-809673E2D8D1}.Release|x64.ActiveCfg = Release|Win32
		{C1B20979-623B-46D2-A998-809673E2D8D1}.RemoteDebug|Win32.ActiveCfg = RemoteDebug|Win32
		{C1B20979-623B-46D2-A998-809673E2D8D1}.RemoteDebug|Win32.Build.0 = RemoteDebug|Win32
		{C1B20979-623B-46D2-A998-809673E2D8D1}.RemoteDebug|x64.ActiveCfg = RemoteDebug|Win32
		{C1B20979-623B-46D2-A998-809673E2D8D1}.RemoteDebug-xk|Win32.ActiveCfg = RemoteDebug-xk|Win32
		{C1B20979-623B-46D2-A998-809673E2D8D1}.RemoteDebug-xk|Win32.Build.0 = RemoteDebug-xk|Win32
		{C1B20979-623B-46D2-A998-809673E2D8D1}.RemoteDebug-xk|x64.ActiveCfg = RemoteDebug-xk|Win32
		{C1B20979-623B-46D2-A998-809673E2D8D1}.RemoteRelease|Win32.ActiveCfg = RemoteRelease|Win32
		{C1B20979-623B-46D2-A998-809673E2D8D1}.RemoteRelease|Win32.Build.0 = RemoteRelease|Win32
		{C1B20979-623B-46D2-A998-809673E2D8D1}.RemoteRelease|x64.ActiveCfg = RemoteRelease|Win32
		{1216AAEE-8E8C-4D0A-97C3-BF5AEEE852C7}.Debug|Win32.ActiveCfg = Debug|Win32
		{1216AAEE-8E8C-4D0A-97C3-BF5AEEE852C7}.Debug|Win32.Build.0 = Debug|Win32
		{1216AAEE-8E8C-4D0A-97C3-BF5AEEE852C7}.Debug|x64.ActiveCfg = Debug|Win32
		{1216AAEE-8E8C-4D0A-97C3-BF5AEEE852C7}.Release_CCDRoate90|Win32.ActiveCfg = Release_PicoProjector|Win32
		{1216AAEE-8E8C-4D0A-97C3-BF5AEEE852C7}.Release_CCDRoate90|Win32.Build.0 = Release_PicoProjector|Win32
		{1216AAEE-8E8C-4D0A-97C3-BF5AEEE852C7}.Release_CCDRoate90|x64.ActiveCfg = RemoteRelease|Win32
		{1216AAEE-8E8C-4D0A-97C3-BF5AEEE852C7}.Release_CCDRoate90|x64.Build.0 = RemoteRelease|Win32
		{1216AAEE-8E8C-4D0A-97C3-BF5AEEE852C7}.Release_HUAN_SUO|Win32.ActiveCfg = Release|Win32
		{1216AAEE-8E8C-4D0A-97C3-BF5AEEE852C7}.Release_HUAN_SUO|Win32.Build.0 = Release|Win32
		{1216AAEE-8E8C-4D0A-97C3-BF5AEEE852C7}.Release_HUAN_SUO|x64.ActiveCfg = Release-SingleTouch|Win32
		{1216AAEE-8E8C-4D0A-97C3-BF5AEEE852C7}.Release_HUAN_SUO|x64.Build.0 = Release-SingleTouch|Win32
		{1216AAEE-8E8C-4D0A-97C3-BF5AEEE852C7}.Release_Neutral|Win32.ActiveCfg = Release_Neutral|Win32
		{1216AAEE-8E8C-4D0A-97C3-BF5AEEE852C7}.Release_Neutral|Win32.Build.0 = Release_Neutral|Win32
		{1216AAEE-8E8C-4D0A-97C3-BF5AEEE852C7}.Release_Neutral|x64.ActiveCfg = Release_Neutral|Win32
		{1216AAEE-8E8C-4D0A-97C3-BF5AEEE852C7}.Release_PicoProjector|Win32.ActiveCfg = Release_Neutral|Win32
		{1216AAEE-8E8C-4D0A-97C3-BF5AEEE852C7}.Release_PicoProjector|Win32.Build.0 = Release_Neutral|Win32
		{1216AAEE-8E8C-4D0A-97C3-BF5AEEE852C7}.Release_PicoProjector|x64.ActiveCfg = Release_PicoProjector|Win32
		{1216AAEE-8E8C-4D0A-97C3-BF5AEEE852C7}.Release|Win32.ActiveCfg = Release|Win32
		{1216AAEE-8E8C-4D0A-97C3-BF5AEEE852C7}.Release|Win32.Build.0 = Release|Win32
		{1216AAEE-8E8C-4D0A-97C3-BF5AEEE852C7}.Release|x64.ActiveCfg = Release|Win32
		{1216AAEE-8E8C-4D0A-97C3-BF5AEEE852C7}.RemoteDebug|Win32.ActiveCfg = RemoteDebug|Win32
		{1216AAEE-8E8C-4D0A-97C3-BF5AEEE852C7}.RemoteDebug|Win32.Build.0 = RemoteDebug|Win32
		{1216AAEE-8E8C-4D0A-97C3-BF5AEEE852C7}.RemoteDebug|x64.ActiveCfg = RemoteDebug|Win32
		{1216AAEE-8E8C-4D0A-97C3-BF5AEEE852C7}.RemoteDebug-xk|Win32.ActiveCfg = RemoteDebug|Win32
		{1216AAEE-8E8C-4D0A-97C3-BF5AEEE852C7}.RemoteDebug-xk|Win32.Build.0 = RemoteDebug|Win32
		{1216AAEE-8E8C-4D0A-97C3-BF5AEEE852C7}.RemoteDebug-xk|x64.ActiveCfg = RemoteDebug-xk|Win32
		{1216AAEE-8E8C-4D0A-97C3-BF5AEEE852C7}.RemoteRelease|Win32.ActiveCfg = RemoteRelease|Win32
		{1216AAEE-8E8C-4D0A-97C3-BF5AEEE852C7}.RemoteRelease|Win32.Build.0 = RemoteRelease|Win32
		{1216AAEE-8E8C-4D0A-97C3-BF5AEEE852C7}.RemoteRelease|x64.ActiveCfg = RemoteRelease|Win32
		{31FC5F0D-7479-4DE4-BFF9-483641FDEE1C}.Debug|Win32.ActiveCfg = Debug|Win32
		{31FC5F0D-7479-4DE4-BFF9-483641FDEE1C}.Debug|Win32.Build.0 = Debug|Win32
		{31FC5F0D-7479-4DE4-BFF9-483641FDEE1C}.Debug|x64.ActiveCfg = Debug|Win32
		{31FC5F0D-7479-4DE4-BFF9-483641FDEE1C}.Release_CCDRoate90|Win32.ActiveCfg = Release_PicoProjector|Win32
		{31FC5F0D-7479-4DE4-BFF9-483641FDEE1C}.Release_CCDRoate90|Win32.Build.0 = Release_PicoProjector|Win32
		{31FC5F0D-7479-4DE4-BFF9-483641FDEE1C}.Release_CCDRoate90|x64.ActiveCfg = RemoteDebug|Win32
		{31FC5F0D-7479-4DE4-BFF9-483641FDEE1C}.Release_CCDRoate90|x64.Build.0 = RemoteDebug|Win32
		{31FC5F0D-7479-4DE4-BFF9-483641FDEE1C}.Release_HUAN_SUO|Win32.ActiveCfg = Release|Win32
		{31FC5F0D-7479-4DE4-BFF9-483641FDEE1C}.Release_HUAN_SUO|Win32.Build.0 = Release|Win32
		{31FC5F0D-7479-4DE4-BFF9-483641FDEE1C}.Release_HUAN_SUO|x64.ActiveCfg = RemoteRelease|Win32
		{31FC5F0D-7479-4DE4-BFF9-483641FDEE1C}.Release_HUAN_SUO|x64.Build.0 = RemoteRelease|Win32
		{31FC5F0D-7479-4DE4-BFF9-483641FDEE1C}.Release_Neutral|Win32.ActiveCfg = Release_Neutral|Win32
		{31FC5F0D-7479-4DE4-BFF9-483641FDEE1C}.Release_Neutral|Win32.Build.0 = Release_Neutral|Win32
		{31FC5F0D-7479-4DE4-BFF9-483641FDEE1C}.Release_Neutral|x64.ActiveCfg = Release_Neutral|Win32
		{31FC5F0D-7479-4DE4-BFF9-483641FDEE1C}.Release_PicoProjector|Win32.ActiveCfg = Release_PicoProjector|Win32
		{31FC5F0D-7479-4DE4-BFF9-483641FDEE1C}.Release_PicoProjector|Win32.Build.0 = Release_PicoProjector|Win32
		{31FC5F0D-7479-4DE4-BFF9-483641FDEE1C}.Release_PicoProjector|x64.ActiveCfg = Release_PicoProjector|Win32
		{31FC5F0D-7479-4DE4-BFF9-483641FDEE1C}.Release|Win32.ActiveCfg = Release|Win32
		{31FC5F0D-7479-4DE4-BFF9-483641FDEE1C}.Release|Win32.Build.0 = Release|Win32
		{31FC5F0D-7479-4DE4-BFF9-483641FDEE1C}.Release|x64.ActiveCfg = Release|Win32
		{31FC5F0D-7479-4DE4-BFF9-483641FDEE1C}.RemoteDebug|Win32.ActiveCfg = RemoteDebug|Win32
		{31FC5F0D-7479-4DE4-BFF9-483641FDEE1C}.RemoteDebug|Win32.Build.0 = RemoteDebug|Win32
		{31FC5F0D-7479-4DE4-BFF9-483641FDEE1C}.RemoteDebug|x64.ActiveCfg = RemoteDebug|Win32
		{31FC5F0D-7479-4DE4-BFF9-483641FDEE1C}.RemoteDebug-xk|Win32.ActiveCfg = RemoteDebug|Win32
		{31FC5F0D-7479-4DE4-BFF9-483641FDEE1C}.RemoteDebug-xk|Win32.Build.0 = RemoteDebug|Win32
		{31FC5F0D-7479-4DE4-BFF9-483641FDEE1C}.RemoteDebug-xk|x64.ActiveCfg = RemoteRelease|Win32
		{31FC5F0D-7479-4DE4-BFF9-483641FDEE1C}.RemoteDebug-xk|x64.Build.0 = RemoteRelease|Win32
		{31FC5F0D-7479-4DE4-BFF9-483641FDEE1C}.RemoteRelease|Win32.ActiveCfg = RemoteRelease|Win32
		{31FC5F0D-7479-4DE4-BFF9-483641FDEE1C}.RemoteRelease|Win32.Build.0 = RemoteRelease|Win32
		{31FC5F0D-7479-4DE4-BFF9-483641FDEE1C}.RemoteRelease|x64.ActiveCfg = RemoteRelease|Win32
		{92F8FB96-D945-433C-8568-AED1495E242C}.Debug|Win32.ActiveCfg = Debug|Win32
		{92F8FB96-D945-433C-8568-AED1495E242C}.Debug|Win32.Build.0 = Debug|Win32
		{92F8FB96-D945-433C-8568-AED1495E242C}.Debug|x64.ActiveCfg = Debug|Win32
		{92F8FB96-D945-433C-8568-AED1495E242C}.Release_CCDRoate90|Win32.ActiveCfg = Release_PicoProjector|Win32
		{92F8FB96-D945-433C-8568-AED1495E242C}.Release_CCDRoate90|Win32.Build.0 = Release_PicoProjector|Win32
		{92F8FB96-D945-433C-8568-AED1495E242C}.Release_CCDRoate90|x64.ActiveCfg = RemoteRelease|Win32
		{92F8FB96-D945-433C-8568-AED1495E242C}.Release_CCDRoate90|x64.Build.0 = RemoteRelease|Win32
		{92F8FB96-D945-433C-8568-AED1495E242C}.Release_HUAN_SUO|Win32.ActiveCfg = Release|Win32
		{92F8FB96-D945-433C-8568-AED1495E242C}.Release_HUAN_SUO|Win32.Build.0 = Release|Win32
		{92F8FB96-D945-433C-8568-AED1495E242C}.Release_HUAN_SUO|x64.ActiveCfg = DebugTest|Win32
		{92F8FB96-D945-433C-8568-AED1495E242C}.Release_HUAN_SUO|x64.Build.0 = DebugTest|Win32
		{92F8FB96-D945-433C-8568-AED1495E242C}.Release_Neutral|Win32.ActiveCfg = Release_Neutral|Win32
		{92F8FB96-D945-433C-8568-AED1495E242C}.Release_Neutral|Win32.Build.0 = Release_Neutral|Win32
		{92F8FB96-D945-433C-8568-AED1495E242C}.Release_Neutral|x64.ActiveCfg = Release_Neutral|Win32
		{92F8FB96-D945-433C-8568-AED1495E242C}.Release_PicoProjector|Win32.ActiveCfg = Release_PicoProjector|Win32
		{92F8FB96-D945-433C-8568-AED1495E242C}.Release_PicoProjector|Win32.Build.0 = Release_PicoProjector|Win32
		{92F8FB96-D945-433C-8568-AED1495E242C}.Release_PicoProjector|x64.ActiveCfg = Release_PicoProjector|Win32
		{92F8FB96-D945-433C-8568-AED1495E242C}.Release|Win32.ActiveCfg = Release|Win32
		{92F8FB96-D945-433C-8568-AED1495E242C}.Release|Win32.Build.0 = Release|Win32
		{92F8FB96-D945-433C-8568-AED1495E242C}.Release|x64.ActiveCfg = Release|Win32
		{92F8FB96-D945-433C-8568-AED1495E242C}.RemoteDebug|Win32.ActiveCfg = RemoteDebug|Win32
		{92F8FB96-D945-433C-8568-AED1495E242C}.RemoteDebug|Win32.Build.0 = RemoteDebug|Win32
		{92F8FB96-D945-433C-8568-AED1495E242C}.RemoteDebug|x64.ActiveCfg = RemoteDebug|Win32
		{92F8FB96-D945-433C-8568-AED1495E242C}.RemoteDebug-xk|Win32.ActiveCfg = RemoteDebug|Win32
		{92F8FB96-D945-433C-8568-AED1495E242C}.RemoteDebug-xk|Win32.Build.0 = RemoteDebug|Win32
		{92F8FB96-D945-433C-8568-AED1495E242C}.RemoteDebug-xk|x64.ActiveCfg = DebugTest|Win32
		{92F8FB96-D945-433C-8568-AED1495E242C}.RemoteDebug-xk|x64.Build.0 = DebugTest|Win32
		{92F8FB96-D945-433C-8568-AED1495E242C}.RemoteRelease|Win32.ActiveCfg = RemoteRelease|Win32
		{92F8FB96-D945-433C-8568-AED1495E242C}.RemoteRelease|Win32.Build.0 = RemoteRelease|Win32
		{92F8FB96-D945-433C-8568-AED1495E242C}.RemoteRelease|x64.ActiveCfg = RemoteRelease|Win32
		{413200A8-B3BD-4BB1-A4AC-13E1DB0F8D3E}.Debug|Win32.ActiveCfg = Debug|Win32
		{413200A8-B3BD-4BB1-A4AC-13E1DB0F8D3E}.Debug|Win32.Build.0 = Debug|Win32
		{413200A8-B3BD-4BB1-A4AC-13E1DB0F8D3E}.Debug|x64.ActiveCfg = Debug|Win32
		{413200A8-B3BD-4BB1-A4AC-13E1DB0F8D3E}.Release_CCDRoate90|Win32.ActiveCfg = Release_PicoProjector|Win32
		{413200A8-B3BD-4BB1-A4AC-13E1DB0F8D3E}.Release_CCDRoate90|Win32.Build.0 = Release_PicoProjector|Win32
		{413200A8-B3BD-4BB1-A4AC-13E1DB0F8D3E}.Release_CCDRoate90|x64.ActiveCfg = RemoteDebug|Win32
		{413200A8-B3BD-4BB1-A4AC-13E1DB0F8D3E}.Release_CCDRoate90|x64.Build.0 = RemoteDebug|Win32
		{413200A8-B3BD-4BB1-A4AC-13E1DB0F8D3E}.Release_HUAN_SUO|Win32.ActiveCfg = Release|Win32
		{413200A8-B3BD-4BB1-A4AC-13E1DB0F8D3E}.Release_HUAN_SUO|Win32.Build.0 = Release|Win32
		{413200A8-B3BD-4BB1-A4AC-13E1DB0F8D3E}.Release_HUAN_SUO|x64.ActiveCfg = RemoteRelease|Win32
		{413200A8-B3BD-4BB1-A4AC-13E1DB0F8D3E}.Release_HUAN_SUO|x64.Build.0 = RemoteRelease|Win32
		{413200A8-B3BD-4BB1-A4AC-13E1DB0F8D3E}.Release_Neutral|Win32.ActiveCfg = Release_Neutral|Win32
		{413200A8-B3BD-4BB1-A4AC-13E1DB0F8D3E}.Release_Neutral|Win32.Build.0 = Release_Neutral|Win32
		{413200A8-B3BD-4BB1-A4AC-13E1DB0F8D3E}.Release_Neutral|x64.ActiveCfg = Release_Neutral|Win32
		{413200A8-B3BD-4BB1-A4AC-13E1DB0F8D3E}.Release_PicoProjector|Win32.ActiveCfg = Release_PicoProjector|Win32
		{413200A8-B3BD-4BB1-A4AC-13E1DB0F8D3E}.Release_PicoProjector|Win32.Build.0 = Release_PicoProjector|Win32
		{413200A8-B3BD-4BB1-A4AC-13E1DB0F8D3E}.Release_PicoProjector|x64.ActiveCfg = Release_PicoProjector|Win32
		{413200A8-B3BD-4BB1-A4AC-13E1DB0F8D3E}.Release|Win32.ActiveCfg = Release|Win32
		{413200A8-B3BD-4BB1-A4AC-13E1DB0F8D3E}.Release|Win32.Build.0 = Release|Win32
		{413200A8-B3BD-4BB1-A4AC-13E1DB0F8D3E}.Release|x64.ActiveCfg = Release|Win32
		{413200A8-B3BD-4BB1-A4AC-13E1DB0F8D3E}.RemoteDebug|Win32.ActiveCfg = RemoteDebug|Win32
		{413200A8-B3BD-4BB1-A4AC-13E1DB0F8D3E}.RemoteDebug|Win32.Build.0 = RemoteDebug|Win32
		{413200A8-B3BD-4BB1-A4AC-13E1DB0F8D3E}.RemoteDebug|x64.ActiveCfg = RemoteDebug|Win32
		{413200A8-B3BD-4BB1-A4AC-13E1DB0F8D3E}.RemoteDebug-xk|Win32.ActiveCfg = RemoteDebug|Win32
		{413200A8-B3BD-4BB1-A4AC-13E1DB0F8D3E}.RemoteDebug-xk|Win32.Build.0 = RemoteDebug|Win32
		{413200A8-B3BD-4BB1-A4AC-13E1DB0F8D3E}.RemoteDebug-xk|x64.ActiveCfg = RemoteRelease|Win32
		{413200A8-B3BD-4BB1-A4AC-13E1DB0F8D3E}.RemoteDebug-xk|x64.Build.0 = RemoteRelease|Win32
		{413200A8-B3BD-4BB1-A4AC-13E1DB0F8D3E}.RemoteRelease|Win32.ActiveCfg = RemoteRelease|Win32
		{413200A8-B3BD-4BB1-A4AC-13E1DB0F8D3E}.RemoteRelease|Win32.Build.0 = RemoteRelease|Win32
		{413200A8-B3BD-4BB1-A4AC-13E1DB0F8D3E}.RemoteRelease|x64.ActiveCfg = RemoteRelease|Win32
		{BD6C4536-EEDC-486E-B9B0-E195CE95FF9B}.Debug|Win32.ActiveCfg = Debug|Win32
		{BD6C4536-EEDC-486E-B9B0-E195CE95FF9B}.Debug|Win32.Build.0 = Debug|Win32
		{BD6C4536-EEDC-486E-B9B0-E195CE95FF9B}.Debug|x64.ActiveCfg = Debug|Win32
		{BD6C4536-EEDC-486E-B9B0-E195CE95FF9B}.Release_CCDRoate90|Win32.ActiveCfg = Release_PicoProjector|Win32
		{BD6C4536-EEDC-486E-B9B0-E195CE95FF9B}.Release_CCDRoate90|Win32.Build.0 = Release_PicoProjector|Win32
		{BD6C4536-EEDC-486E-B9B0-E195CE95FF9B}.Release_CCDRoate90|x64.ActiveCfg = RemoteDebug|Win32
		{BD6C4536-EEDC-486E-B9B0-E195CE95FF9B}.Release_CCDRoate90|x64.Build.0 = RemoteDebug|Win32
		{BD6C4536-EEDC-486E-B9B0-E195CE95FF9B}.Release_HUAN_SUO|Win32.ActiveCfg = Release|Win32
		{BD6C4536-EEDC-486E-B9B0-E195CE95FF9B}.Release_HUAN_SUO|Win32.Build.0 = Release|Win32
		{BD6C4536-EEDC-486E-B9B0-E195CE95FF9B}.Release_HUAN_SUO|x64.ActiveCfg = RemoteRelease|Win32
		{BD6C4536-EEDC-486E-B9B0-E195CE95FF9B}.Release_HUAN_SUO|x64.Build.0 = RemoteRelease|Win32
		{BD6C4536-EEDC-486E-B9B0-E195CE95FF9B}.Release_Neutral|Win32.ActiveCfg = Release_Neutral|Win32
		{BD6C4536-EEDC-486E-B9B0-E195CE95FF9B}.Release_Neutral|Win32.Build.0 = Release_Neutral|Win32
		{BD6C4536-EEDC-486E-B9B0-E195CE95FF9B}.Release_Neutral|x64.ActiveCfg = Release_Neutral|Win32
		{BD6C4536-EEDC-486E-B9B0-E195CE95FF9B}.Release_PicoProjector|Win32.ActiveCfg = Release_PicoProjector|Win32
		{BD6C4536-EEDC-486E-B9B0-E195CE95FF9B}.Release_PicoProjector|Win32.Build.0 = Release_PicoProjector|Win32
		{BD6C4536-EEDC-486E-B9B0-E195CE95FF9B}.Release_PicoProjector|x64.ActiveCfg = Release_PicoProjector|Win32
		{BD6C4536-EEDC-486E-B9B0-E195CE95FF9B}.Release|Win32.ActiveCfg = Release|Win32
		{BD6C4536-EEDC-486E-B9B0-E195CE95FF9B}.Release|Win32.Build.0 = Release|Win32
		{BD6C4536-EEDC-486E-B9B0-E195CE95FF9B}.Release|x64.ActiveCfg = Release|Win32
		{BD6C4536-EEDC-486E-B9B0-E195CE95FF9B}.RemoteDebug|Win32.ActiveCfg = RemoteDebug|Win32
		{BD6C4536-EEDC-486E-B9B0-E195CE95FF9B}.RemoteDebug|Win32.Build.0 = RemoteDebug|Win32
		{BD6C4536-EEDC-486E-B9B0-E195CE95FF9B}.RemoteDebug|x64.ActiveCfg = RemoteDebug|Win32
		{BD6C4536-EEDC-486E-B9B0-E195CE95FF9B}.RemoteDebug-xk|Win32.ActiveCfg = RemoteDebug|Win32
		{BD6C4536-EEDC-486E-B9B0-E195CE95FF9B}.RemoteDebug-xk|Win32.Build.0 = RemoteDebug|Win32
		{BD6C4536-EEDC-486E-B9B0-E195CE95FF9B}.RemoteDebug-xk|x64.ActiveCfg = RemoteRelease|Win32
		{BD6C4536-EEDC-486E-B9B0-E195CE95FF9B}.RemoteDebug-xk|x64.Build.0 = RemoteRelease|Win32
		{BD6C4536-EEDC-486E-B9B0-E195CE95FF9B}.RemoteRelease|Win32.ActiveCfg = RemoteRelease|Win32
		{BD6C4536-EEDC-486E-B9B0-E195CE95FF9B}.RemoteRelease|Win32.Build.0 = RemoteRelease|Win32
		{BD6C4536-EEDC-486E-B9B0-E195CE95FF9B}.RemoteRelease|x64.ActiveCfg = RemoteRelease|Win32
		{5E5ABFCF-C8F1-40F5-B9EF-88BA166951C6}.Debug|Win32.ActiveCfg = Debug|Win32
		{5E5ABFCF-C8F1-40F5-B9EF-88BA166951C6}.Debug|Win32.Build.0 = Debug|Win32
		{5E5ABFCF-C8F1-40F5-B9EF-88BA166951C6}.Debug|x64.ActiveCfg = Debug|Win32
		{5E5ABFCF-C8F1-40F5-B9EF-88BA166951C6}.Release_CCDRoate90|Win32.ActiveCfg = Release_PicoProjector|Win32
		{5E5ABFCF-C8F1-40F5-B9EF-88BA166951C6}.Release_CCDRoate90|Win32.Build.0 = Release_PicoProjector|Win32
		{5E5ABFCF-C8F1-40F5-B9EF-88BA166951C6}.Release_CCDRoate90|x64.ActiveCfg = RemoteDebug|Win32
		{5E5ABFCF-C8F1-40F5-B9EF-88BA166951C6}.Release_CCDRoate90|x64.Build.0 = RemoteDebug|Win32
		{5E5ABFCF-C8F1-40F5-B9EF-88BA166951C6}.Release_HUAN_SUO|Win32.ActiveCfg = Release|Win32
		{5E5ABFCF-C8F1-40F5-B9EF-88BA166951C6}.Release_HUAN_SUO|Win32.Build.0 = Release|Win32
		{5E5ABFCF-C8F1-40F5-B9EF-88BA166951C6}.Release_HUAN_SUO|x64.ActiveCfg = RemoteRelease|Win32
		{5E5ABFCF-C8F1-40F5-B9EF-88BA166951C6}.Release_HUAN_SUO|x64.Build.0 = RemoteRelease|Win32
		{5E5ABFCF-C8F1-40F5-B9EF-88BA166951C6}.Release_Neutral|Win32.ActiveCfg = Release_Neutral|Win32
		{5E5ABFCF-C8F1-40F5-B9EF-88BA166951C6}.Release_Neutral|Win32.Build.0 = Release_Neutral|Win32
		{5E5ABFCF-C8F1-40F5-B9EF-88BA166951C6}.Release_Neutral|x64.ActiveCfg = Release_Neutral|Win32
		{5E5ABFCF-C8F1-40F5-B9EF-88BA166951C6}.Release_PicoProjector|Win32.ActiveCfg = Release_PicoProjector|Win32
		{5E5ABFCF-C8F1-40F5-B9EF-88BA166951C6}.Release_PicoProjector|Win32.Build.0 = Release_PicoProjector|Win32
		{5E5ABFCF-C8F1-40F5-B9EF-88BA166951C6}.Release_PicoProjector|x64.ActiveCfg = Release_PicoProjector|Win32
		{5E5ABFCF-C8F1-40F5-B9EF-88BA166951C6}.Release|Win32.ActiveCfg = Release|Win32
		{5E5ABFCF-C8F1-40F5-B9EF-88BA166951C6}.Release|Win32.Build.0 = Release|Win32
		{5E5ABFCF-C8F1-40F5-B9EF-88BA166951C6}.Release|x64.ActiveCfg = Release|Win32
		{5E5ABFCF-C8F1-40F5-B9EF-88BA166951C6}.RemoteDebug|Win32.ActiveCfg = RemoteDebug|Win32
		{5E5ABFCF-C8F1-40F5-B9EF-88BA166951C6}.RemoteDebug|Win32.Build.0 = RemoteDebug|Win32
		{5E5ABFCF-C8F1-40F5-B9EF-88BA166951C6}.RemoteDebug|x64.ActiveCfg = RemoteDebug|Win32
		{5E5ABFCF-C8F1-40F5-B9EF-88BA166951C6}.RemoteDebug-xk|Win32.ActiveCfg = RemoteDebug|Win32
		{5E5ABFCF-C8F1-40F5-B9EF-88BA166951C6}.RemoteDebug-xk|Win32.Build.0 = RemoteDebug|Win32
		{5E5ABFCF-C8F1-40F5-B9EF-88BA166951C6}.RemoteDebug-xk|x64.ActiveCfg = RemoteRelease|Win32
		{5E5ABFCF-C8F1-40F5-B9EF-88BA166951C6}.RemoteDebug-xk|x64.Build.0 = RemoteRelease|Win32
		{5E5ABFCF-C8F1-40F5-B9EF-88BA166951C6}.RemoteRelease|Win32.ActiveCfg = RemoteRelease|Win32
		{5E5ABFCF-C8F1-40F5-B9EF-88BA166951C6}.RemoteRelease|Win32.Build.0 = RemoteRelease|Win32
		{5E5ABFCF-C8F1-40F5-B9EF-88BA166951C6}.RemoteRelease|x64.ActiveCfg = RemoteRelease|Win32
		{2E86F259-6DBB-4815-ACCA-63D5A5033E1D}.Debug|Win32.ActiveCfg = Debug|Win32
		{2E86F259-6DBB-4815-ACCA-63D5A5033E1D}.Debug|Win32.Build.0 = Debug|Win32
		{2E86F259-6DBB-4815-ACCA-63D5A5033E1D}.Debug|x64.ActiveCfg = Debug|Win32
		{2E86F259-6DBB-4815-ACCA-63D5A5033E1D}.Release_CCDRoate90|Win32.ActiveCfg = Release_PicoProjector|Win32
		{2E86F259-6DBB-4815-ACCA-63D5A5033E1D}.Release_CCDRoate90|Win32.Build.0 = Release_PicoProjector|Win32
		{2E86F259-6DBB-4815-ACCA-63D5A5033E1D}.Release_CCDRoate90|x64.ActiveCfg = RemoteDebug-xk|Win32
		{2E86F259-6DBB-4815-ACCA-63D5A5033E1D}.Release_CCDRoate90|x64.Build.0 = RemoteDebug-xk|Win32
		{2E86F259-6DBB-4815-ACCA-63D5A5033E1D}.Release_HUAN_SUO|Win32.ActiveCfg = Release|Win32
		{2E86F259-6DBB-4815-ACCA-63D5A5033E1D}.Release_HUAN_SUO|Win32.Build.0 = Release|Win32
		{2E86F259-6DBB-4815-ACCA-63D5A5033E1D}.Release_HUAN_SUO|x64.ActiveCfg = RemoteRelease|Win32
		{2E86F259-6DBB-4815-ACCA-63D5A5033E1D}.Release_HUAN_SUO|x64.Build.0 = RemoteRelease|Win32
		{2E86F259-6DBB-4815-ACCA-63D5A5033E1D}.Release_Neutral|Win32.ActiveCfg = Release_Neutral|Win32
		{2E86F259-6DBB-4815-ACCA-63D5A5033E1D}.Release_Neutral|Win32.Build.0 = Release_Neutral|Win32
		{2E86F259-6DBB-4815-ACCA-63D5A5033E1D}.Release_Neutral|x64.ActiveCfg = Release_Neutral|Win32
		{2E86F259-6DBB-4815-ACCA-63D5A5033E1D}.Release_PicoProjector|Win32.ActiveCfg = Release_PicoProjector|Win32
		{2E86F259-6DBB-4815-ACCA-63D5A5033E1D}.Release_PicoProjector|Win32.Build.0 = Release_PicoProjector|Win32
		{2E86F259-6DBB-4815-ACCA-63D5A5033E1D}.Release_PicoProjector|x64.ActiveCfg = Release_PicoProjector|Win32
		{2E86F259-6DBB-4815-ACCA-63D5A5033E1D}.Release|Win32.ActiveCfg = Release|Win32
		{2E86F259-6DBB-4815-ACCA-63D5A5033E1D}.Release|Win32.Build.0 = Release|Win32
		{2E86F259-6DBB-4815-ACCA-63D5A5033E1D}.Release|x64.ActiveCfg = Release|Win32
		{2E86F259-6DBB-4815-ACCA-63D5A5033E1D}.RemoteDebug|Win32.ActiveCfg = RemoteDebug|Win32
		{2E86F259-6DBB-4815-ACCA-63D5A5033E1D}.RemoteDebug|Win32.Build.0 = RemoteDebug|Win32
		{2E86F259-6DBB-4815-ACCA-63D5A5033E1D}.RemoteDebug|x64.ActiveCfg = RemoteDebug|Win32
		{2E86F259-6DBB-4815-ACCA-63D5A5033E1D}.RemoteDebug-xk|Win32.ActiveCfg = RemoteDebug-xk|Win32
		{2E86F259-6DBB-4815-ACCA-63D5A5033E1D}.RemoteDebug-xk|Win32.Build.0 = RemoteDebug-xk|Win32
		{2E86F259-6DBB-4815-ACCA-63D5A5033E1D}.RemoteDebug-xk|x64.ActiveCfg = RemoteDebug-xk|Win32
		{2E86F259-6DBB-4815-ACCA-63D5A5033E1D}.RemoteRelease|Win32.ActiveCfg = RemoteRelease|Win32
		{2E86F259-6DBB-4815-ACCA-63D5A5033E1D}.RemoteRelease|Win32.Build.0 = RemoteRelease|Win32
		{2E86F259-6DBB-4815-ACCA-63D5A5033E1D}.RemoteRelease|x64.ActiveCfg = RemoteRelease|Win32
		{B160CBBD-5A20-48BC-9D48-7D9684BD509E}.Debug|Win32.ActiveCfg = Debug|Win32
		{B160CBBD-5A20-48BC-9D48-7D9684BD509E}.Debug|Win32.Build.0 = Debug|Win32
		{B160CBBD-5A20-48BC-9D48-7D9684BD509E}.Debug|x64.ActiveCfg = Debug|Win32
		{B160CBBD-5A20-48BC-9D48-7D9684BD509E}.Release_CCDRoate90|Win32.ActiveCfg = Release_PicoProjector|Win32
		{B160CBBD-5A20-48BC-9D48-7D9684BD509E}.Release_CCDRoate90|Win32.Build.0 = Release_PicoProjector|Win32
		{B160CBBD-5A20-48BC-9D48-7D9684BD509E}.Release_CCDRoate90|x64.ActiveCfg = RemoteDebug|Win32
		{B160CBBD-5A20-48BC-9D48-7D9684BD509E}.Release_CCDRoate90|x64.Build.0 = RemoteDebug|Win32
		{B160CBBD-5A20-48BC-9D48-7D9684BD509E}.Release_HUAN_SUO|Win32.ActiveCfg = Release|Win32
		{B160CBBD-5A20-48BC-9D48-7D9684BD509E}.Release_HUAN_SUO|Win32.Build.0 = Release|Win32
		{B160CBBD-5A20-48BC-9D48-7D9684BD509E}.Release_HUAN_SUO|x64.ActiveCfg = RemoteRelease|Win32
		{B160CBBD-5A20-48BC-9D48-7D9684BD509E}.Release_HUAN_SUO|x64.Build.0 = RemoteRelease|Win32
		{B160CBBD-5A20-48BC-9D48-7D9684BD509E}.Release_Neutral|Win32.ActiveCfg = Release_Neutral|Win32
		{B160CBBD-5A20-48BC-9D48-7D9684BD509E}.Release_Neutral|Win32.Build.0 = Release_Neutral|Win32
		{B160CBBD-5A20-48BC-9D48-7D9684BD509E}.Release_Neutral|x64.ActiveCfg = Release_Neutral|Win32
		{B160CBBD-5A20-48BC-9D48-7D9684BD509E}.Release_PicoProjector|Win32.ActiveCfg = Release_PicoProjector|Win32
		{B160CBBD-5A20-48BC-9D48-7D9684BD509E}.Release_PicoProjector|Win32.Build.0 = Release_PicoProjector|Win32
		{B160CBBD-5A20-48BC-9D48-7D9684BD509E}.Release_PicoProjector|x64.ActiveCfg = Release_PicoProjector|Win32
		{B160CBBD-5A20-48BC-9D48-7D9684BD509E}.Release|Win32.ActiveCfg = Release|Win32
		{B160CBBD-5A20-48BC-9D48-7D9684BD509E}.Release|Win32.Build.0 = Release|Win32
		{B160CBBD-5A20-48BC-9D48-7D9684BD509E}.Release|x64.ActiveCfg = Release|Win32
		{B160CBBD-5A20-48BC-9D48-7D9684BD509E}.RemoteDebug|Win32.ActiveCfg = RemoteDebug|Win32
		{B160CBBD-5A20-48BC-9D48-7D9684BD509E}.RemoteDebug|Win32.Build.0 = RemoteDebug|Win32
		{B160CBBD-5A20-48BC-9D48-7D9684BD509E}.RemoteDebug|x64.ActiveCfg = RemoteDebug|Win32
		{B160CBBD-5A20-48BC-9D48-7D9684BD509E}.RemoteDebug-xk|Win32.ActiveCfg = RemoteDebug|Win32
		{B160CBBD-5A20-48BC-9D48-7D9684BD509E}.RemoteDebug-xk|Win32.Build.0 = RemoteDebug|Win32
		{B160CBBD-5A20-48BC-9D48-7D9684BD509E}.RemoteDebug-xk|x64.ActiveCfg = RemoteRelease|Win32
		{B160CBBD-5A20-48BC-9D48-7D9684BD509E}.RemoteDebug-xk|x64.Build.0 = RemoteRelease|Win32
		{B160CBBD-5A20-48BC-9D48-7D9684BD509E}.RemoteRelease|Win32.ActiveCfg = RemoteRelease|Win32
		{B160CBBD-5A20-48BC-9D48-7D9684BD509E}.RemoteRelease|Win32.Build.0 = RemoteRelease|Win32
		{B160CBBD-5A20-48BC-9D48-7D9684BD509E}.RemoteRelease|x64.ActiveCfg = RemoteRelease|Win32
		{97E229BB-5EF4-424A-B9FF-F129A376B206}.Debug|Win32.ActiveCfg = Debug|Win32
		{97E229BB-5EF4-424A-B9FF-F129A376B206}.Debug|Win32.Build.0 = Debug|Win32
		{97E229BB-5EF4-424A-B9FF-F129A376B206}.Debug|x64.ActiveCfg = Debug|Win32
		{97E229BB-5EF4-424A-B9FF-F129A376B206}.Release_CCDRoate90|Win32.ActiveCfg = Release|Win32
		{97E229BB-5EF4-424A-B9FF-F129A376B206}.Release_CCDRoate90|Win32.Build.0 = Release|Win32
		{97E229BB-5EF4-424A-B9FF-F129A376B206}.Release_CCDRoate90|x64.ActiveCfg = RemoteDebug|Win32
		{97E229BB-5EF4-424A-B9FF-F129A376B206}.Release_CCDRoate90|x64.Build.0 = RemoteDebug|Win32
		{97E229BB-5EF4-424A-B9FF-F129A376B206}.Release_HUAN_SUO|Win32.ActiveCfg = Release|Win32
		{97E229BB-5EF4-424A-B9FF-F129A376B206}.Release_HUAN_SUO|Win32.Build.0 = Release|Win32
		{97E229BB-5EF4-424A-B9FF-F129A376B206}.Release_HUAN_SUO|x64.ActiveCfg = RemoteDebug|Win32
		{97E229BB-5EF4-424A-B9FF-F129A376B206}.Release_HUAN_SUO|x64.Build.0 = RemoteDebug|Win32
		{97E229BB-5EF4-424A-B9FF-F129A376B206}.Release_Neutral|Win32.ActiveCfg = Release_Neutral|Win32
		{97E229BB-5EF4-424A-B9FF-F129A376B206}.Release_Neutral|Win32.Build.0 = Release_Neutral|Win32
		{97E229BB-5EF4-424A-B9FF-F129A376B206}.Release_Neutral|x64.ActiveCfg = RemoteDebug|Win32
		{97E229BB-5EF4-424A-B9FF-F129A376B206}.Release_Neutral|x64.Build.0 = RemoteDebug|Win32
		{97E229BB-5EF4-424A-B9FF-F129A376B206}.Release_PicoProjector|Win32.ActiveCfg = Release|Win32
		{97E229BB-5EF4-424A-B9FF-F129A376B206}.Release_PicoProjector|Win32.Build.0 = Release|Win32
		{97E229BB-5EF4-424A-B9FF-F129A376B206}.Release_PicoProjector|x64.ActiveCfg = RemoteDebug|Win32
		{97E229BB-5EF4-424A-B9FF-F129A376B206}.Release_PicoProjector|x64.Build.0 = RemoteDebug|Win32
		{97E229BB-5EF4-424A-B9FF-F129A376B206}.Release|Win32.ActiveCfg = Release|Win32
		{97E229BB-5EF4-424A-B9FF-F129A376B206}.Release|Win32.Build.0 = Release|Win32
		{97E229BB-5EF4-424A-B9FF-F129A376B206}.Release|x64.ActiveCfg = Release|Win32
		{97E229BB-5EF4-424A-B9FF-F129A376B206}.RemoteDebug|Win32.ActiveCfg = RemoteDebug|Win32
		{97E229BB-5EF4-424A-B9FF-F129A376B206}.RemoteDebug|Win32.Build.0 = RemoteDebug|Win32
		{97E229BB-5EF4-424A-B9FF-F129A376B206}.RemoteDebug|x64.ActiveCfg = RemoteDebug|Win32
		{97E229BB-5EF4-424A-B9FF-F129A376B206}.RemoteDebug-xk|Win32.ActiveCfg = Debug|Win32
		{97E229BB-5EF4-424A-B9FF-F129A376B206}.RemoteDebug-xk|Win32.Build.0 = Debug|Win32
		{97E229BB-5EF4-424A-B9FF-F129A376B206}.RemoteDebug-xk|x64.ActiveCfg = RemoteDebug|Win32
		{97E229BB-5EF4-424A-B9FF-F129A376B206}.RemoteDebug-xk|x64.Build.0 = RemoteDebug|Win32
		{97E229BB-5EF4-424A-B9FF-F129A376B206}.RemoteRelease|Win32.ActiveCfg = Release|Win32
		{97E229BB-5EF4-424A-B9FF-F129A376B206}.RemoteRelease|Win32.Build.0 = Release|Win32
		{97E229BB-5EF4-424A-B9FF-F129A376B206}.RemoteRelease|x64.ActiveCfg = RemoteDebug|Win32
		{97E229BB-5EF4-424A-B9FF-F129A376B206}.RemoteRelease|x64.Build.0 = RemoteDebug|Win32
		{130727BE-097A-4516-99BE-7E94F873ECF4}.Debug|Win32.ActiveCfg = Debug|Win32
		{130727BE-097A-4516-99BE-7E94F873ECF4}.Debug|Win32.Build.0 = Debug|Win32
		{130727BE-097A-4516-99BE-7E94F873ECF4}.Debug|x64.ActiveCfg = Debug|Win32
		{130727BE-097A-4516-99BE-7E94F873ECF4}.Release_CCDRoate90|Win32.ActiveCfg = Release_PicoProjector|Win32
		{130727BE-097A-4516-99BE-7E94F873ECF4}.Release_CCDRoate90|Win32.Build.0 = Release_PicoProjector|Win32
		{130727BE-097A-4516-99BE-7E94F873ECF4}.Release_CCDRoate90|x64.ActiveCfg = RemoteRelease|Win32
		{130727BE-097A-4516-99BE-7E94F873ECF4}.Release_CCDRoate90|x64.Build.0 = RemoteRelease|Win32
		{130727BE-097A-4516-99BE-7E94F873ECF4}.Release_HUAN_SUO|Win32.ActiveCfg = Release|Win32
		{130727BE-097A-4516-99BE-7E94F873ECF4}.Release_HUAN_SUO|Win32.Build.0 = Release|Win32
		{130727BE-097A-4516-99BE-7E94F873ECF4}.Release_HUAN_SUO|x64.ActiveCfg = Release-SingleTouch|Win32
		{130727BE-097A-4516-99BE-7E94F873ECF4}.Release_HUAN_SUO|x64.Build.0 = Release-SingleTouch|Win32
		{130727BE-097A-4516-99BE-7E94F873ECF4}.Release_Neutral|Win32.ActiveCfg = Release_Neutral|Win32
		{130727BE-097A-4516-99BE-7E94F873ECF4}.Release_Neutral|Win32.Build.0 = Release_Neutral|Win32
		{130727BE-097A-4516-99BE-7E94F873ECF4}.Release_Neutral|x64.ActiveCfg = Release_Neutral|Win32
		{130727BE-097A-4516-99BE-7E94F873ECF4}.Release_PicoProjector|Win32.ActiveCfg = Release_Neutral|Win32
		{130727BE-097A-4516-99BE-7E94F873ECF4}.Release_PicoProjector|Win32.Build.0 = Release_Neutral|Win32
		{130727BE-097A-4516-99BE-7E94F873ECF4}.Release_PicoProjector|x64.ActiveCfg = Release_PicoProjector|Win32
		{130727BE-097A-4516-99BE-7E94F873ECF4}.Release|Win32.ActiveCfg = Release|Win32
		{130727BE-097A-4516-99BE-7E94F873ECF4}.Release|Win32.Build.0 = Release|Win32
		{130727BE-097A-4516-99BE-7E94F873ECF4}.Release|x64.ActiveCfg = Release|Win32
		{130727BE-097A-4516-99BE-7E94F873ECF4}.RemoteDebug|Win32.ActiveCfg = RemoteDebug|Win32
		{130727BE-097A-4516-99BE-7E94F873ECF4}.RemoteDebug|Win32.Build.0 = RemoteDebug|Win32
		{130727BE-097A-4516-99BE-7E94F873ECF4}.RemoteDebug|x64.ActiveCfg = RemoteDebug|Win32
		{130727BE-097A-4516-99BE-7E94F873ECF4}.RemoteDebug-xk|Win32.ActiveCfg = RemoteDebug-xk|Win32
		{130727BE-097A-4516-99BE-7E94F873ECF4}.RemoteDebug-xk|Win32.Build.0 = RemoteDebug-xk|Win32
		{130727BE-097A-4516-99BE-7E94F873ECF4}.RemoteDebug-xk|x64.ActiveCfg = RemoteDebug-xk|Win32
		{130727BE-097A-4516-99BE-7E94F873ECF4}.RemoteRelease|Win32.ActiveCfg = RemoteRelease|Win32
		{130727BE-097A-4516-99BE-7E94F873ECF4}.RemoteRelease|Win32.Build.0 = RemoteRelease|Win32
		{130727BE-097A-4516-99BE-7E94F873ECF4}.RemoteRelease|x64.ActiveCfg = RemoteRelease|Win32
		{E58AFC3B-F01D-47CF-BBC5-962D3D507D58}.Debug|Win32.ActiveCfg = Debug|Win32
		{E58AFC3B-F01D-47CF-BBC5-962D3D507D58}.Debug|Win32.Build.0 = Debug|Win32
		{E58AFC3B-F01D-47CF-BBC5-962D3D507D58}.Debug|x64.ActiveCfg = Debug|Win32
		{E58AFC3B-F01D-47CF-BBC5-962D3D507D58}.Release_CCDRoate90|Win32.ActiveCfg = Release_PicoProjector|Win32
		{E58AFC3B-F01D-47CF-BBC5-962D3D507D58}.Release_CCDRoate90|Win32.Build.0 = Release_PicoProjector|Win32
		{E58AFC3B-F01D-47CF-BBC5-962D3D507D58}.Release_CCDRoate90|x64.ActiveCfg = RemoteRelease|Win32
		{E58AFC3B-F01D-47CF-BBC5-962D3D507D58}.Release_CCDRoate90|x64.Build.0 = RemoteRelease|Win32
		{E58AFC3B-F01D-47CF-BBC5-962D3D507D58}.Release_HUAN_SUO|Win32.ActiveCfg = Release|Win32
		{E58AFC3B-F01D-47CF-BBC5-962D3D507D58}.Release_HUAN_SUO|Win32.Build.0 = Release|Win32
		{E58AFC3B-F01D-47CF-BBC5-962D3D507D58}.Release_HUAN_SUO|x64.ActiveCfg = Release-SingleTouch|Win32
		{E58AFC3B-F01D-47CF-BBC5-962D3D507D58}.Release_HUAN_SUO|x64.Build.0 = Release-SingleTouch|Win32
		{E58AFC3B-F01D-47CF-BBC5-962D3D507D58}.Release_Neutral|Win32.ActiveCfg = Release_Neutral|Win32
		{E58AFC3B-F01D-47CF-BBC5-962D3D507D58}.Release_Neutral|Win32.Build.0 = Release_Neutral|Win32
		{E58AFC3B-F01D-47CF-BBC5-962D3D507D58}.Release_Neutral|x64.ActiveCfg = Release_Neutral|Win32
		{E58AFC3B-F01D-47CF-BBC5-962D3D507D58}.Release_PicoProjector|Win32.ActiveCfg = Release_Neutral|Win32
		{E58AFC3B-F01D-47CF-BBC5-962D3D507D58}.Release_PicoProjector|Win32.Build.0 = Release_Neutral|Win32
		{E58AFC3B-F01D-47CF-BBC5-962D3D507D58}.Release_PicoProjector|x64.ActiveCfg = Release_PicoProjector|Win32
		{E58AFC3B-F01D-47CF-BBC5-962D3D507D58}.Release|Win32.ActiveCfg = Release|Win32
		{E58AFC3B-F01D-47CF-BBC5-962D3D507D58}.Release|Win32.Build.0 = Release|Win32
		{E58AFC3B-F01D-47CF-BBC5-962D3D507D58}.Release|x64.ActiveCfg = Release|Win32
		{E58AFC3B-F01D-47CF-BBC5-962D3D507D58}.RemoteDebug|Win32.ActiveCfg = RemoteDebug|Win32
		{E58AFC3B-F01D-47CF-BBC5-962D3D507D58}.RemoteDebug|Win32.Build.0 = RemoteDebug|Win32
		{E58AFC3B-F01D-47CF-BBC5-962D3D507D58}.RemoteDebug|x64.ActiveCfg = RemoteDebug|Win32
		{E58AFC3B-F01D-47CF-BBC5-962D3D507D58}.RemoteDebug-xk|Win32.ActiveCfg = RemoteDebug-xk|Win32
		{E58AFC3B-F01D-47CF-BBC5-962D3D507D58}.RemoteDebug-xk|Win32.Build.0 = RemoteDebug-xk|Win32
		{E58AFC3B-F01D-47CF-BBC5-962D3D507D58}.RemoteDebug-xk|x64.ActiveCfg = RemoteDebug-xk|Win32
		{E58AFC3B-F01D-47CF-BBC5-962D3D507D58}.RemoteRelease|Win32.ActiveCfg = RemoteRelease|Win32
		{E58AFC3B-F01D-47CF-BBC5-962D3D507D58}.RemoteRelease|Win32.Build.0 = RemoteRelease|Win32
		{E58AFC3B-F01D-47CF-BBC5-962D3D507D58}.RemoteRelease|x64.ActiveCfg = RemoteRelease|Win32
		{70285797-172B-4D5A-B437-4A6281649A93}.Debug|Win32.ActiveCfg = Debug|Win32
		{70285797-172B-4D5A-B437-4A6281649A93}.Debug|Win32.Build.0 = Debug|Win32
		{70285797-172B-4D5A-B437-4A6281649A93}.Debug|x64.ActiveCfg = Debug|Win32
		{70285797-172B-4D5A-B437-4A6281649A93}.Release_CCDRoate90|Win32.ActiveCfg = Release_PicoProjector|Win32
		{70285797-172B-4D5A-B437-4A6281649A93}.Release_CCDRoate90|Win32.Build.0 = Release_PicoProjector|Win32
		{70285797-172B-4D5A-B437-4A6281649A93}.Release_CCDRoate90|x64.ActiveCfg = RemoteRelease|Win32
		{70285797-172B-4D5A-B437-4A6281649A93}.Release_CCDRoate90|x64.Build.0 = RemoteRelease|Win32
		{70285797-172B-4D5A-B437-4A6281649A93}.Release_HUAN_SUO|Win32.ActiveCfg = Release|Win32
		{70285797-172B-4D5A-B437-4A6281649A93}.Release_HUAN_SUO|Win32.Build.0 = Release|Win32
		{70285797-172B-4D5A-B437-4A6281649A93}.Release_HUAN_SUO|x64.ActiveCfg = Release-SingleTouch|Win32
		{70285797-172B-4D5A-B437-4A6281649A93}.Release_HUAN_SUO|x64.Build.0 = Release-SingleTouch|Win32
		{70285797-172B-4D5A-B437-4A6281649A93}.Release_Neutral|Win32.ActiveCfg = Release_Neutral|Win32
		{70285797-172B-4D5A-B437-4A6281649A93}.Release_Neutral|Win32.Build.0 = Release_Neutral|Win32
		{70285797-172B-4D5A-B437-4A6281649A93}.Release_Neutral|x64.ActiveCfg = Release_Neutral|Win32
		{70285797-172B-4D5A-B437-4A6281649A93}.Release_PicoProjector|Win32.ActiveCfg = Release_Neutral|Win32
		{70285797-172B-4D5A-B437-4A6281649A93}.Release_PicoProjector|Win32.Build.0 = Release_Neutral|Win32
		{70285797-172B-4D5A-B437-4A6281649A93}.Release_PicoProjector|x64.ActiveCfg = Release_PicoProjector|Win32
		{70285797-172B-4D5A-B437-4A6281649A93}.Release|Win32.ActiveCfg = Release|Win32
		{70285797-172B-4D5A-B437-4A6281649A93}.Release|Win32.Build.0 = Release|Win32
		{70285797-172B-4D5A-B437-4A6281649A93}.Release|x64.ActiveCfg = Release|Win32
		{70285797-172B-4D5A-B437-4A6281649A93}.RemoteDebug|Win32.ActiveCfg = RemoteDebug|Win32
		{70285797-172B-4D5A-B437-4A6281649A93}.RemoteDebug|Win32.Build.0 = RemoteDebug|Win32
		{70285797-172B-4D5A-B437-4A6281649A93}.RemoteDebug|x64.ActiveCfg = RemoteDebug|Win32
		{70285797-172B-4D5A-B437-4A6281649A93}.RemoteDebug-xk|Win32.ActiveCfg = RemoteDebug-xk|Win32
		{70285797-172B-4D5A-B437-4A6281649A93}.RemoteDebug-xk|Win32.Build.0 = RemoteDebug-xk|Win32
		{70285797-172B-4D5A-B437-4A6281649A93}.RemoteDebug-xk|x64.ActiveCfg = RemoteDebug-xk|Win32
		{70285797-172B-4D5A-B437-4A6281649A93}.RemoteRelease|Win32.ActiveCfg = RemoteRelease|Win32
		{70285797-172B-4D5A-B437-4A6281649A93}.RemoteRelease|Win32.Build.0 = RemoteRelease|Win32
		{70285797-172B-4D5A-B437-4A6281649A93}.RemoteRelease|x64.ActiveCfg = RemoteRelease|Win32
		{97C8DF63-45CB-497A-B9E8-1FA491CAC8F9}.Debug|Win32.ActiveCfg = Debug|Win32
		{97C8DF63-45CB-497A-B9E8-1FA491CAC8F9}.Debug|Win32.Build.0 = Debug|Win32
		{97C8DF63-45CB-497A-B9E8-1FA491CAC8F9}.Debug|x64.ActiveCfg = Debug|Win32
		{97C8DF63-45CB-497A-B9E8-1FA491CAC8F9}.Release_CCDRoate90|Win32.ActiveCfg = Release_PicoProjector|Win32
		{97C8DF63-45CB-497A-B9E8-1FA491CAC8F9}.Release_CCDRoate90|Win32.Build.0 = Release_PicoProjector|Win32
		{97C8DF63-45CB-497A-B9E8-1FA491CAC8F9}.Release_CCDRoate90|x64.ActiveCfg = RemoteRelease|Win32
		{97C8DF63-45CB-497A-B9E8-1FA491CAC8F9}.Release_CCDRoate90|x64.Build.0 = RemoteRelease|Win32
		{97C8DF63-45CB-497A-B9E8-1FA491CAC8F9}.Release_HUAN_SUO|Win32.ActiveCfg = Release|Win32
		{97C8DF63-45CB-497A-B9E8-1FA491CAC8F9}.Release_HUAN_SUO|Win32.Build.0 = Release|Win32
		{97C8DF63-45CB-497A-B9E8-1FA491CAC8F9}.Release_HUAN_SUO|x64.ActiveCfg = Release-SingleTouch|Win32
		{97C8DF63-45CB-497A-B9E8-1FA491CAC8F9}.Release_HUAN_SUO|x64.Build.0 = Release-SingleTouch|Win32
		{97C8DF63-45CB-497A-B9E8-1FA491CAC8F9}.Release_Neutral|Win32.ActiveCfg = Release_Neutral|Win32
		{97C8DF63-45CB-497A-B9E8-1FA491CAC8F9}.Release_Neutral|Win32.Build.0 = Release_Neutral|Win32
		{97C8DF63-45CB-497A-B9E8-1FA491CAC8F9}.Release_Neutral|x64.ActiveCfg = Release_Neutral|Win32
		{97C8DF63-45CB-497A-B9E8-1FA491CAC8F9}.Release_PicoProjector|Win32.ActiveCfg = Release_Neutral|Win32
		{97C8DF63-45CB-497A-B9E8-1FA491CAC8F9}.Release_PicoProjector|Win32.Build.0 = Release_Neutral|Win32
		{97C8DF63-45CB-497A-B9E8-1FA491CAC8F9}.Release_PicoProjector|x64.ActiveCfg = Release_PicoProjector|Win32
		{97C8DF63-45CB-497A-B9E8-1FA491CAC8F9}.Release|Win32.ActiveCfg = Release|Win32
		{97C8DF63-45CB-497A-B9E8-1FA491CAC8F9}.Release|Win32.Build.0 = Release|Win32
		{97C8DF63-45CB-497A-B9E8-1FA491CAC8F9}.Release|x64.ActiveCfg = Release|Win32
		{97C8DF63-45CB-497A-B9E8-1FA491CAC8F9}.RemoteDebug|Win32.ActiveCfg = RemoteDebug|Win32
		{97C8DF63-45CB-497A-B9E8-1FA491CAC8F9}.RemoteDebug|Win32.Build.0 = RemoteDebug|Win32
		{97C8DF63-45CB-497A-B9E8-1FA491CAC8F9}.RemoteDebug|x64.ActiveCfg = RemoteDebug|Win32
		{97C8DF63-45CB-497A-B9E8-1FA491CAC8F9}.RemoteDebug-xk|Win32.ActiveCfg = RemoteDebug-xk|Win32
		{97C8DF63-45CB-497A-B9E8-1FA491CAC8F9}.RemoteDebug-xk|Win32.Build.0 = RemoteDebug-xk|Win32
		{97C8DF63-45CB-497A-B9E8-1FA491CAC8F9}.RemoteDebug-xk|x64.ActiveCfg = RemoteDebug-xk|Win32
		{97C8DF63-45CB-497A-B9E8-1FA491CAC8F9}.RemoteRelease|Win32.ActiveCfg = RemoteRelease|Win32
		{97C8DF63-45CB-497A-B9E8-1FA491CAC8F9}.RemoteRelease|Win32.Build.0 = RemoteRelease|Win32
		{97C8DF63-45CB-497A-B9E8-1FA491CAC8F9}.RemoteRelease|x64.ActiveCfg = RemoteRelease|Win32
		{AB272043-A3C5-4063-9189-E444113A6B70}.Debug|Win32.ActiveCfg = Debug|Win32
		{AB272043-A3C5-4063-9189-E444113A6B70}.Debug|Win32.Build.0 = Debug|Win32
		{AB272043-A3C5-4063-9189-E444113A6B70}.Debug|x64.ActiveCfg = Debug|Win32
		{AB272043-A3C5-4063-9189-E444113A6B70}.Release_CCDRoate90|Win32.ActiveCfg = Release_PicoProjector|Win32
		{AB272043-A3C5-4063-9189-E444113A6B70}.Release_CCDRoate90|Win32.Build.0 = Release_PicoProjector|Win32
		{AB272043-A3C5-4063-9189-E444113A6B70}.Release_CCDRoate90|x64.ActiveCfg = RemoteRelease|Win32
		{AB272043-A3C5-4063-9189-E444113A6B70}.Release_CCDRoate90|x64.Build.0 = RemoteRelease|Win32
		{AB272043-A3C5-4063-9189-E444113A6B70}.Release_HUAN_SUO|Win32.ActiveCfg = Release|Win32
		{AB272043-A3C5-4063-9189-E444113A6B70}.Release_HUAN_SUO|Win32.Build.0 = Release|Win32
		{AB272043-A3C5-4063-9189-E444113A6B70}.Release_HUAN_SUO|x64.ActiveCfg = Release-SingleTouch|Win32
		{AB272043-A3C5-4063-9189-E444113A6B70}.Release_HUAN_SUO|x64.Build.0 = Release-SingleTouch|Win32
		{AB272043-A3C5-4063-9189-E444113A6B70}.Release_Neutral|Win32.ActiveCfg = Release_Neutral|Win32
		{AB272043-A3C5-4063-9189-E444113A6B70}.Release_Neutral|Win32.Build.0 = Release_Neutral|Win32
		{AB272043-A3C5-4063-9189-E444113A6B70}.Release_Neutral|x64.ActiveCfg = Release_Neutral|Win32
		{AB272043-A3C5-4063-9189-E444113A6B70}.Release_PicoProjector|Win32.ActiveCfg = Release_Neutral|Win32
		{AB272043-A3C5-4063-9189-E444113A6B70}.Release_PicoProjector|Win32.Build.0 = Release_Neutral|Win32
		{AB272043-A3C5-4063-9189-E444113A6B70}.Release_PicoProjector|x64.ActiveCfg = Release_PicoProjector|Win32
		{AB272043-A3C5-4063-9189-E444113A6B70}.Release|Win32.ActiveCfg = Release|Win32
		{AB272043-A3C5-4063-9189-E444113A6B70}.Release|Win32.Build.0 = Release|Win32
		{AB272043-A3C5-4063-9189-E444113A6B70}.Release|x64.ActiveCfg = Release|Win32
		{AB272043-A3C5-4063-9189-E444113A6B70}.RemoteDebug|Win32.ActiveCfg = RemoteDebug|Win32
		{AB272043-A3C5-4063-9189-E444113A6B70}.RemoteDebug|Win32.Build.0 = RemoteDebug|Win32
		{AB272043-A3C5-4063-9189-E444113A6B70}.RemoteDebug|x64.ActiveCfg = RemoteDebug|Win32
		{AB272043-A3C5-4063-9189-E444113A6B70}.RemoteDebug-xk|Win32.ActiveCfg = RemoteDebug-xk|Win32
		{AB272043-A3C5-4063-9189-E444113A6B70}.RemoteDebug-xk|Win32.Build.0 = RemoteDebug-xk|Win32
		{AB272043-A3C5-4063-9189-E444113A6B70}.RemoteDebug-xk|x64.ActiveCfg = RemoteDebug-xk|Win32
		{AB272043-A3C5-4063-9189-E444113A6B70}.RemoteRelease|Win32.ActiveCfg = RemoteRelease|Win32
		{AB272043-A3C5-4063-9189-E444113A6B70}.RemoteRelease|Win32.Build.0 = RemoteRelease|Win32
		{AB272043-A3C5-4063-9189-E444113A6B70}.RemoteRelease|x64.ActiveCfg = RemoteRelease|Win32
		{A11E718D-AA48-4177-98F0-A1552683E58C}.Debug|Win32.ActiveCfg = Debug|Win32
		{A11E718D-AA48-4177-98F0-A1552683E58C}.Debug|Win32.Build.0 = Debug|Win32
		{A11E718D-AA48-4177-98F0-A1552683E58C}.Debug|x64.ActiveCfg = Debug|Win32
		{A11E718D-AA48-4177-98F0-A1552683E58C}.Release_CCDRoate90|Win32.ActiveCfg = Release_PicoProjector|Win32
		{A11E718D-AA48-4177-98F0-A1552683E58C}.Release_CCDRoate90|Win32.Build.0 = Release_PicoProjector|Win32
		{A11E718D-AA48-4177-98F0-A1552683E58C}.Release_CCDRoate90|x64.ActiveCfg = RemoteRelease|Win32
		{A11E718D-AA48-4177-98F0-A1552683E58C}.Release_CCDRoate90|x64.Build.0 = RemoteRelease|Win32
		{A11E718D-AA48-4177-98F0-A1552683E58C}.Release_HUAN_SUO|Win32.ActiveCfg = Release|Win32
		{A11E718D-AA48-4177-98F0-A1552683E58C}.Release_HUAN_SUO|Win32.Build.0 = Release|Win32
		{A11E718D-AA48-4177-98F0-A1552683E58C}.Release_HUAN_SUO|x64.ActiveCfg = Release-SingleTouch|Win32
		{A11E718D-AA48-4177-98F0-A1552683E58C}.Release_HUAN_SUO|x64.Build.0 = Release-SingleTouch|Win32
		{A11E718D-AA48-4177-98F0-A1552683E58C}.Release_Neutral|Win32.ActiveCfg = Release_Neutral|Win32
		{A11E718D-AA48-4177-98F0-A1552683E58C}.Release_Neutral|Win32.Build.0 = Release_Neutral|Win32
		{A11E718D-AA48-4177-98F0-A1552683E58C}.Release_Neutral|x64.ActiveCfg = Release_Neutral|Win32
		{A11E718D-AA48-4177-98F0-A1552683E58C}.Release_PicoProjector|Win32.ActiveCfg = Release_Neutral|Win32
		{A11E718D-AA48-4177-98F0-A1552683E58C}.Release_PicoProjector|Win32.Build.0 = Release_Neutral|Win32
		{A11E718D-AA48-4177-98F0-A1552683E58C}.Release_PicoProjector|x64.ActiveCfg = Release_PicoProjector|Win32
		{A11E718D-AA48-4177-98F0-A1552683E58C}.Release|Win32.ActiveCfg = Release|Win32
		{A11E718D-AA48-4177-98F0-A1552683E58C}.Release|Win32.Build.0 = Release|Win32
		{A11E718D-AA48-4177-98F0-A1552683E58C}.Release|x64.ActiveCfg = Release|Win32
		{A11E718D-AA48-4177-98F0-A1552683E58C}.RemoteDebug|Win32.ActiveCfg = RemoteDebug|Win32
		{A11E718D-AA48-4177-98F0-A1552683E58C}.RemoteDebug|Win32.Build.0 = RemoteDebug|Win32
		{A11E718D-AA48-4177-98F0-A1552683E58C}.RemoteDebug|x64.ActiveCfg = RemoteDebug|Win32
		{A11E718D-AA48-4177-98F0-A1552683E58C}.RemoteDebug-xk|Win32.ActiveCfg = RemoteDebug-xk|Win32
		{A11E718D-AA48-4177-98F0-A1552683E58C}.RemoteDebug-xk|Win32.Build.0 = RemoteDebug-xk|Win32
		{A11E718D-AA48-4177-98F0-A1552683E58C}.RemoteDebug-xk|x64.ActiveCfg = RemoteDebug-xk|Win32
		{A11E718D-AA48-4177-98F0-A1552683E58C}.RemoteRelease|Win32.ActiveCfg = RemoteRelease|Win32
		{A11E718D-AA48-4177-98F0-A1552683E58C}.RemoteRelease|Win32.Build.0 = RemoteRelease|Win32
		{A11E718D-AA48-4177-98F0-A1552683E58C}.RemoteRelease|x64.ActiveCfg = RemoteRelease|Win32
		{2EECDA73-DCFA-404D-869E-F973A90877ED}.Debug|Win32.ActiveCfg = Debug|Win32
		{2EECDA73-DCFA-404D-869E-F973A90877ED}.Debug|Win32.Build.0 = Debug|Win32
		{2EECDA73-DCFA-404D-869E-F973A90877ED}.Debug|x64.ActiveCfg = Debug|Win32
		{2EECDA73-DCFA-404D-869E-F973A90877ED}.Release_CCDRoate90|Win32.ActiveCfg = Release_PicoProjector|Win32
		{2EECDA73-DCFA-404D-869E-F973A90877ED}.Release_CCDRoate90|Win32.Build.0 = Release_PicoProjector|Win32
		{2EECDA73-DCFA-404D-869E-F973A90877ED}.Release_CCDRoate90|x64.ActiveCfg = RemoteRelease|Win32
		{2EECDA73-DCFA-404D-869E-F973A90877ED}.Release_CCDRoate90|x64.Build.0 = RemoteRelease|Win32
		{2EECDA73-DCFA-404D-869E-F973A90877ED}.Release_HUAN_SUO|Win32.ActiveCfg = Release|Win32
		{2EECDA73-DCFA-404D-869E-F973A90877ED}.Release_HUAN_SUO|Win32.Build.0 = Release|Win32
		{2EECDA73-DCFA-404D-869E-F973A90877ED}.Release_HUAN_SUO|x64.ActiveCfg = Release-SingleTouch|Win32
		{2EECDA73-DCFA-404D-869E-F973A90877ED}.Release_HUAN_SUO|x64.Build.0 = Release-SingleTouch|Win32
		{2EECDA73-DCFA-404D-869E-F973A90877ED}.Release_Neutral|Win32.ActiveCfg = Release_Neutral|Win32
		{2EECDA73-DCFA-404D-869E-F973A90877ED}.Release_Neutral|Win32.Build.0 = Release_Neutral|Win32
		{2EECDA73-DCFA-404D-869E-F973A90877ED}.Release_Neutral|x64.ActiveCfg = Release_Neutral|Win32
		{2EECDA73-DCFA-404D-869E-F973A90877ED}.Release_PicoProjector|Win32.ActiveCfg = Release_Neutral|Win32
		{2EECDA73-DCFA-404D-869E-F973A90877ED}.Release_PicoProjector|Win32.Build.0 = Release_Neutral|Win32
		{2EECDA73-DCFA-404D-869E-F973A90877ED}.Release_PicoProjector|x64.ActiveCfg = Release_PicoProjector|Win32
		{2EECDA73-DCFA-404D-869E-F973A90877ED}.Release|Win32.ActiveCfg = Release|Win32
		{2EECDA73-DCFA-404D-869E-F973A90877ED}.Release|Win32.Build.0 = Release|Win32
		{2EECDA73-DCFA-404D-869E-F973A90877ED}.Release|x64.ActiveCfg = Release|Win32
		{2EECDA73-DCFA-404D-869E-F973A90877ED}.RemoteDebug|Win32.ActiveCfg = RemoteDebug|Win32
		{2EECDA73-DCFA-404D-869E-F973A90877ED}.RemoteDebug|Win32.Build.0 = RemoteDebug|Win32
		{2EECDA73-DCFA-404D-869E-F973A90877ED}.RemoteDebug|x64.ActiveCfg = RemoteDebug|Win32
		{2EECDA73-DCFA-404D-869E-F973A90877ED}.RemoteDebug-xk|Win32.ActiveCfg = RemoteDebug-xk|Win32
		{2EECDA73-DCFA-404D-869E-F973A90877ED}.RemoteDebug-xk|Win32.Build.0 = RemoteDebug-xk|Win32
		{2EECDA73-DCFA-404D-869E-F973A90877ED}.RemoteDebug-xk|x64.ActiveCfg = RemoteDebug-xk|Win32
		{2EECDA73-DCFA-404D-869E-F973A90877ED}.RemoteRelease|Win32.ActiveCfg = RemoteRelease|Win32
		{2EECDA73-DCFA-404D-869E-F973A90877ED}.RemoteRelease|Win32.Build.0 = RemoteRelease|Win32
		{2EECDA73-DCFA-404D-869E-F973A90877ED}.RemoteRelease|x64.ActiveCfg = RemoteRelease|Win32
		{0FDD90E1-86FA-493F-AB7F-04946535CFD9}.Debug|Win32.ActiveCfg = Debug|Win32
		{0FDD90E1-86FA-493F-AB7F-04946535CFD9}.Debug|Win32.Build.0 = Debug|Win32
		{0FDD90E1-86FA-493F-AB7F-04946535CFD9}.Debug|x64.ActiveCfg = Debug|Win32
		{0FDD90E1-86FA-493F-AB7F-04946535CFD9}.Release_CCDRoate90|Win32.ActiveCfg = Release_PicoProjector|Win32
		{0FDD90E1-86FA-493F-AB7F-04946535CFD9}.Release_CCDRoate90|Win32.Build.0 = Release_PicoProjector|Win32
		{0FDD90E1-86FA-493F-AB7F-04946535CFD9}.Release_CCDRoate90|x64.ActiveCfg = Release_PicoProjector|Win32
		{0FDD90E1-86FA-493F-AB7F-04946535CFD9}.Release_CCDRoate90|x64.Build.0 = Release_PicoProjector|Win32
		{0FDD90E1-86FA-493F-AB7F-04946535CFD9}.Release_HUAN_SUO|Win32.ActiveCfg = Release|Win32
		{0FDD90E1-86FA-493F-AB7F-04946535CFD9}.Release_HUAN_SUO|Win32.Build.0 = Release|Win32
		{0FDD90E1-86FA-493F-AB7F-04946535CFD9}.Release_HUAN_SUO|x64.ActiveCfg = RemoteDebug|Win32
		{0FDD90E1-86FA-493F-AB7F-04946535CFD9}.Release_HUAN_SUO|x64.Build.0 = RemoteDebug|Win32
		{0FDD90E1-86FA-493F-AB7F-04946535CFD9}.Release_Neutral|Win32.ActiveCfg = Release_Neutral|Win32
		{0FDD90E1-86FA-493F-AB7F-04946535CFD9}.Release_Neutral|Win32.Build.0 = Release_Neutral|Win32
		{0FDD90E1-86FA-493F-AB7F-04946535CFD9}.Release_Neutral|x64.ActiveCfg = Release_Neutral|Win32
		{0FDD90E1-86FA-493F-AB7F-04946535CFD9}.Release_PicoProjector|Win32.ActiveCfg = Release_PicoProjector|Win32
		{0FDD90E1-86FA-493F-AB7F-04946535CFD9}.Release_PicoProjector|Win32.Build.0 = Release_PicoProjector|Win32
		{0FDD90E1-86FA-493F-AB7F-04946535CFD9}.Release_PicoProjector|x64.ActiveCfg = Release_PicoProjector|Win32
		{0FDD90E1-86FA-493F-AB7F-04946535CFD9}.Release|Win32.ActiveCfg = Release|Win32
		{0FDD90E1-86FA-493F-AB7F-04946535CFD9}.Release|Win32.Build.0 = Release|Win32
		{0FDD90E1-86FA-493F-AB7F-04946535CFD9}.Release|x64.ActiveCfg = Release|Win32
		{0FDD90E1-86FA-493F-AB7F-04946535CFD9}.RemoteDebug|Win32.ActiveCfg = RemoteDebug|Win32
		{0FDD90E1-86FA-493F-AB7F-04946535CFD9}.RemoteDebug|Win32.Build.0 = RemoteDebug|Win32
		{0FDD90E1-86FA-493F-AB7F-04946535CFD9}.RemoteDebug|x64.ActiveCfg = RemoteDebug|Win32
		{0FDD90E1-86FA-493F-AB7F-04946535CFD9}.RemoteDebug-xk|Win32.ActiveCfg = RemoteDebug|Win32
		{0FDD90E1-86FA-493F-AB7F-04946535CFD9}.RemoteDebug-xk|Win32.Build.0 = RemoteDebug|Win32
		{0FDD90E1-86FA-493F-AB7F-04946535CFD9}.RemoteDebug-xk|x64.ActiveCfg = RemoteDebug|Win32
		{0FDD90E1-86FA-493F-AB7F-04946535CFD9}.RemoteDebug-xk|x64.Build.0 = RemoteDebug|Win32
		{0FDD90E1-86FA-493F-AB7F-04946535CFD9}.RemoteRelease|Win32.ActiveCfg = Release|Win32
		{0FDD90E1-86FA-493F-AB7F-04946535CFD9}.RemoteRelease|Win32.Build.0 = Release|Win32
		{0FDD90E1-86FA-493F-AB7F-04946535CFD9}.RemoteRelease|x64.ActiveCfg = RemoteDebug|Win32
		{0FDD90E1-86FA-493F-AB7F-04946535CFD9}.RemoteRelease|x64.Build.0 = RemoteDebug|Win32
		{DBE1E4AD-D25B-4F21-A643-1B7C996C7217}.Debug|Win32.ActiveCfg = Debug|Win32
		{DBE1E4AD-D25B-4F21-A643-1B7C996C7217}.Debug|Win32.Build.0 = Debug|Win32
		{DBE1E4AD-D25B-4F21-A643-1B7C996C7217}.Debug|x64.ActiveCfg = Debug|Win32
		{DBE1E4AD-D25B-4F21-A643-1B7C996C7217}.Release_CCDRoate90|Win32.ActiveCfg = Release_PicoProjector|Win32
		{DBE1E4AD-D25B-4F21-A643-1B7C996C7217}.Release_CCDRoate90|Win32.Build.0 = Release_PicoProjector|Win32
		{DBE1E4AD-D25B-4F21-A643-1B7C996C7217}.Release_CCDRoate90|x64.ActiveCfg = Release_PicoProjector|Win32
		{DBE1E4AD-D25B-4F21-A643-1B7C996C7217}.Release_CCDRoate90|x64.Build.0 = Release_PicoProjector|Win32
		{DBE1E4AD-D25B-4F21-A643-1B7C996C7217}.Release_HUAN_SUO|Win32.ActiveCfg = Release|Win32
		{DBE1E4AD-D25B-4F21-A643-1B7C996C7217}.Release_HUAN_SUO|Win32.Build.0 = Release|Win32
		{DBE1E4AD-D25B-4F21-A643-1B7C996C7217}.Release_HUAN_SUO|x64.ActiveCfg = Release_PicoProjector|Win32
		{DBE1E4AD-D25B-4F21-A643-1B7C996C7217}.Release_HUAN_SUO|x64.Build.0 = Release_PicoProjector|Win32
		{DBE1E4AD-D25B-4F21-A643-1B7C996C7217}.Release_Neutral|Win32.ActiveCfg = Release_Neutral|Win32
		{DBE1E4AD-D25B-4F21-A643-1B7C996C7217}.Release_Neutral|Win32.Build.0 = Release_Neutral|Win32
		{DBE1E4AD-D25B-4F21-A643-1B7C996C7217}.Release_Neutral|x64.ActiveCfg = Release_PicoProjector|Win32
		{DBE1E4AD-D25B-4F21-A643-1B7C996C7217}.Release_Neutral|x64.Build.0 = Release_PicoProjector|Win32
		{DBE1E4AD-D25B-4F21-A643-1B7C996C7217}.Release_PicoProjector|Win32.ActiveCfg = Release_PicoProjector|Win32
		{DBE1E4AD-D25B-4F21-A643-1B7C996C7217}.Release_PicoProjector|Win32.Build.0 = Release_PicoProjector|Win32
		{DBE1E4AD-D25B-4F21-A643-1B7C996C7217}.Release_PicoProjector|x64.ActiveCfg = Release_PicoProjector|Win32
		{DBE1E4AD-D25B-4F21-A643-1B7C996C7217}.Release|Win32.ActiveCfg = Release|Win32
		{DBE1E4AD-D25B-4F21-A643-1B7C996C7217}.Release|Win32.Build.0 = Release|Win32
		{DBE1E4AD-D25B-4F21-A643-1B7C996C7217}.Release|x64.ActiveCfg = Release|Win32
		{DBE1E4AD-D25B-4F21-A643-1B7C996C7217}.RemoteDebug|Win32.ActiveCfg = Debug|Win32
		{DBE1E4AD-D25B-4F21-A643-1B7C996C7217}.RemoteDebug|Win32.Build.0 = Debug|Win32
		{DBE1E4AD-D25B-4F21-A643-1B7C996C7217}.RemoteDebug|x64.ActiveCfg = Release_PicoProjector|Win32
		{DBE1E4AD-D25B-4F21-A643-1B7C996C7217}.RemoteDebug|x64.Build.0 = Release_PicoProjector|Win32
		{DBE1E4AD-D25B-4F21-A643-1B7C996C7217}.RemoteDebug-xk|Win32.ActiveCfg = Debug|Win32
		{DBE1E4AD-D25B-4F21-A643-1B7C996C7217}.RemoteDebug-xk|Win32.Build.0 = Debug|Win32
		{DBE1E4AD-D25B-4F21-A643-1B7C996C7217}.RemoteDebug-xk|x64.ActiveCfg = Release_PicoProjector|Win32
		{DBE1E4AD-D25B-4F21-A643-1B7C996C7217}.RemoteDebug-xk|x64.Build.0 = Release_PicoProjector|Win32
		{DBE1E4AD-D25B-4F21-A643-1B7C996C7217}.RemoteRelease|Win32.ActiveCfg = Release|Win32
		{DBE1E4AD-D25B-4F21-A643-1B7C996C7217}.RemoteRelease|Win32.Build.0 = Release|Win32
		{DBE1E4AD-D25B-4F21-A643-1B7C996C7217}.RemoteRelease|x64.ActiveCfg = Release_PicoProjector|Win32
		{DBE1E4AD-D25B-4F21-A643-1B7C996C7217}.RemoteRelease|x64.Build.0 = Release_PicoProjector|Win32
		{0BA1506A-9CDA-47E2-B1DD-B042AA5E57A0}.Debug|Win32.ActiveCfg = Debug|Win32
		{0BA1506A-9CDA-47E2-B1DD-B042AA5E57A0}.Debug|Win32.Build.0 = Debug|Win32
		{0BA1506A-9CDA-47E2-B1DD-B042AA5E57A0}.Debug|x64.ActiveCfg = Debug|Win32
		{0BA1506A-9CDA-47E2-B1DD-B042AA5E57A0}.Release_CCDRoate90|Win32.ActiveCfg = Release_PicoProjector|Win32
		{0BA1506A-9CDA-47E2-B1DD-B042AA5E57A0}.Release_CCDRoate90|Win32.Build.0 = Release_PicoProjector|Win32
		{0BA1506A-9CDA-47E2-B1DD-B042AA5E57A0}.Release_CCDRoate90|x64.ActiveCfg = Release_PicoProjector|Win32
		{0BA1506A-9CDA-47E2-B1DD-B042AA5E57A0}.Release_CCDRoate90|x64.Build.0 = Release_PicoProjector|Win32
		{0BA1506A-9CDA-47E2-B1DD-B042AA5E57A0}.Release_HUAN_SUO|Win32.ActiveCfg = Release|Win32
		{0BA1506A-9CDA-47E2-B1DD-B042AA5E57A0}.Release_HUAN_SUO|Win32.Build.0 = Release|Win32
		{0BA1506A-9CDA-47E2-B1DD-B042AA5E57A0}.Release_HUAN_SUO|x64.ActiveCfg = Release_PicoProjector|Win32
		{0BA1506A-9CDA-47E2-B1DD-B042AA5E57A0}.Release_HUAN_SUO|x64.Build.0 = Release_PicoProjector|Win32
		{0BA1506A-9CDA-47E2-B1DD-B042AA5E57A0}.Release_Neutral|Win32.ActiveCfg = Release_Neutral|Win32
		{0BA1506A-9CDA-47E2-B1DD-B042AA5E57A0}.Release_Neutral|Win32.Build.0 = Release_Neutral|Win32
		{0BA1506A-9CDA-47E2-B1DD-B042AA5E57A0}.Release_Neutral|x64.ActiveCfg = Release_PicoProjector|Win32
		{0BA1506A-9CDA-47E2-B1DD-B042AA5E57A0}.Release_Neutral|x64.Build.0 = Release_PicoProjector|Win32
		{0BA1506A-9CDA-47E2-B1DD-B042AA5E57A0}.Release_PicoProjector|Win32.ActiveCfg = Release_PicoProjector|Win32
		{0BA1506A-9CDA-47E2-B1DD-B042AA5E57A0}.Release_PicoProjector|Win32.Build.0 = Release_PicoProjector|Win32
		{0BA1506A-9CDA-47E2-B1DD-B042AA5E57A0}.Release_PicoProjector|x64.ActiveCfg = Release_PicoProjector|Win32
		{0BA1506A-9CDA-47E2-B1DD-B042AA5E57A0}.Release|Win32.ActiveCfg = Release|Win32
		{0BA1506A-9CDA-47E2-B1DD-B042AA5E57A0}.Release|Win32.Build.0 = Release|Win32
		{0BA1506A-9CDA-47E2-B1DD-B042AA5E57A0}.Release|x64.ActiveCfg = Release|Win32
		{0BA1506A-9CDA-47E2-B1DD-B042AA5E57A0}.RemoteDebug|Win32.ActiveCfg = Debug|Win32
		{0BA1506A-9CDA-47E2-B1DD-B042AA5E57A0}.RemoteDebug|Win32.Build.0 = Debug|Win32
		{0BA1506A-9CDA-47E2-B1DD-B042AA5E57A0}.RemoteDebug|x64.ActiveCfg = Release_PicoProjector|Win32
		{0BA1506A-9CDA-47E2-B1DD-B042AA5E57A0}.RemoteDebug|x64.Build.0 = Release_PicoProjector|Win32
		{0BA1506A-9CDA-47E2-B1DD-B042AA5E57A0}.RemoteDebug-xk|Win32.ActiveCfg = Debug|Win32
		{0BA1506A-9CDA-47E2-B1DD-B042AA5E57A0}.RemoteDebug-xk|Win32.Build.0 = Debug|Win32
		{0BA1506A-9CDA-47E2-B1DD-B042AA5E57A0}.RemoteDebug-xk|x64.ActiveCfg = Release_PicoProjector|Win32
		{0BA1506A-9CDA-47E2-B1DD-B042AA5E57A0}.RemoteDebug-xk|x64.Build.0 = Release_PicoProjector|Win32
		{0BA1506A-9CDA-47E2-B1DD-B042AA5E57A0}.RemoteRelease|Win32.ActiveCfg = Release|Win32
		{0BA1506A-9CDA-47E2-B1DD-B042AA5E57A0}.RemoteRelease|Win32.Build.0 = Release|Win32
		{0BA1506A-9CDA-47E2-B1DD-B042AA5E57A0}.RemoteRelease|x64.ActiveCfg = Release_PicoProjector|Win32
		{0BA1506A-9CDA-47E2-B1DD-B042AA5E57A0}.RemoteRelease|x64.Build.0 = Release_PicoProjector|Win32
		{E1C28E7D-466C-4D0A-AEB1-CFFD0F6F5645}.Debug|Win32.ActiveCfg = Debug|Win32
		{E1C28E7D-466C-4D0A-AEB1-CFFD0F6F5645}.Debug|Win32.Build.0 = Debug|Win32
		{E1C28E7D-466C-4D0A-AEB1-CFFD0F6F5645}.Debug|x64.ActiveCfg = Debug|Win32
		{E1C28E7D-466C-4D0A-AEB1-CFFD0F6F5645}.Release_CCDRoate90|Win32.ActiveCfg = Release|Win32
		{E1C28E7D-466C-4D0A-AEB1-CFFD0F6F5645}.Release_CCDRoate90|Win32.Build.0 = Release|Win32
		{E1C28E7D-466C-4D0A-AEB1-CFFD0F6F5645}.Release_CCDRoate90|x64.ActiveCfg = RemoteDebug|Win32
		{E1C28E7D-466C-4D0A-AEB1-CFFD0F6F5645}.Release_CCDRoate90|x64.Build.0 = RemoteDebug|Win32
		{E1C28E7D-466C-4D0A-AEB1-CFFD0F6F5645}.Release_HUAN_SUO|Win32.ActiveCfg = Release|Win32
		{E1C28E7D-466C-4D0A-AEB1-CFFD0F6F5645}.Release_HUAN_SUO|Win32.Build.0 = Release|Win32
		{E1C28E7D-466C-4D0A-AEB1-CFFD0F6F5645}.Release_HUAN_SUO|x64.ActiveCfg = RemoteDebug|Win32
		{E1C28E7D-466C-4D0A-AEB1-CFFD0F6F5645}.Release_HUAN_SUO|x64.Build.0 = RemoteDebug|Win32
		{E1C28E7D-466C-4D0A-AEB1-CFFD0F6F5645}.Release_Neutral|Win32.ActiveCfg = Release_Neutral|Win32
		{E1C28E7D-466C-4D0A-AEB1-CFFD0F6F5645}.Release_Neutral|Win32.Build.0 = Release_Neutral|Win32
		{E1C28E7D-466C-4D0A-AEB1-CFFD0F6F5645}.Release_Neutral|x64.ActiveCfg = RemoteDebug|Win32
		{E1C28E7D-466C-4D0A-AEB1-CFFD0F6F5645}.Release_Neutral|x64.Build.0 = RemoteDebug|Win32
		{E1C28E7D-466C-4D0A-AEB1-CFFD0F6F5645}.Release_PicoProjector|Win32.ActiveCfg = Release|Win32
		{E1C28E7D-466C-4D0A-AEB1-CFFD0F6F5645}.Release_PicoProjector|Win32.Build.0 = Release|Win32
		{E1C28E7D-466C-4D0A-AEB1-CFFD0F6F5645}.Release_PicoProjector|x64.ActiveCfg = RemoteDebug|Win32
		{E1C28E7D-466C-4D0A-AEB1-CFFD0F6F5645}.Release_PicoProjector|x64.Build.0 = RemoteDebug|Win32
		{E1C28E7D-466C-4D0A-AEB1-CFFD0F6F5645}.Release|Win32.ActiveCfg = Release|Win32
		{E1C28E7D-466C-4D0A-AEB1-CFFD0F6F5645}.Release|Win32.Build.0 = Release|Win32
		{E1C28E7D-466C-4D0A-AEB1-CFFD0F6F5645}.Release|x64.ActiveCfg = Release|Win32
		{E1C28E7D-466C-4D0A-AEB1-CFFD0F6F5645}.RemoteDebug|Win32.ActiveCfg = RemoteDebug|Win32
		{E1C28E7D-466C-4D0A-AEB1-CFFD0F6F5645}.RemoteDebug|Win32.Build.0 = RemoteDebug|Win32
		{E1C28E7D-466C-4D0A-AEB1-CFFD0F6F5645}.RemoteDebug|x64.ActiveCfg = RemoteDebug|Win32
		{E1C28E7D-466C-4D0A-AEB1-CFFD0F6F5645}.RemoteDebug-xk|Win32.ActiveCfg = RemoteDebug|Win32
		{E1C28E7D-466C-4D0A-AEB1-CFFD0F6F5645}.RemoteDebug-xk|Win32.Build.0 = RemoteDebug|Win32
		{E1C28E7D-466C-4D0A-AEB1-CFFD0F6F5645}.RemoteDebug-xk|x64.ActiveCfg = RemoteDebug|Win32
		{E1C28E7D-466C-4D0A-AEB1-CFFD0F6F5645}.RemoteDebug-xk|x64.Build.0 = RemoteDebug|Win32
		{E1C28E7D-466C-4D0A-AEB1-CFFD0F6F5645}.RemoteRelease|Win32.ActiveCfg = RemoteRelease|Win32
		{E1C28E7D-466C-4D0A-AEB1-CFFD0F6F5645}.RemoteRelease|Win32.Build.0 = RemoteRelease|Win32
		{E1C28E7D-466C-4D0A-AEB1-CFFD0F6F5645}.RemoteRelease|x64.ActiveCfg = RemoteRelease|Win32
		{7771FB19-E2AE-498C-B637-EBA51584D173}.Debug|Win32.ActiveCfg = Debug|Win32
		{7771FB19-E2AE-498C-B637-EBA51584D173}.Debug|Win32.Build.0 = Debug|Win32
		{7771FB19-E2AE-498C-B637-EBA51584D173}.Debug|x64.ActiveCfg = Debug|x64
		{7771FB19-E2AE-498C-B637-EBA51584D173}.Debug|x64.Build.0 = Debug|x64
		{7771FB19-E2AE-498C-B637-EBA51584D173}.Release_CCDRoate90|Win32.ActiveCfg = Release|Win32
		{7771FB19-E2AE-498C-B637-EBA51584D173}.Release_CCDRoate90|Win32.Build.0 = Release|Win32
		{7771FB19-E2AE-498C-B637-EBA51584D173}.Release_CCDRoate90|x64.ActiveCfg = Release|x64
		{7771FB19-E2AE-498C-B637-EBA51584D173}.Release_CCDRoate90|x64.Build.0 = Release|x64
		{7771FB19-E2AE-498C-B637-EBA51584D173}.Release_HUAN_SUO|Win32.ActiveCfg = Release|Win32
		{7771FB19-E2AE-498C-B637-EBA51584D173}.Release_HUAN_SUO|Win32.Build.0 = Release|Win32
		{7771FB19-E2AE-498C-B637-EBA51584D173}.Release_HUAN_SUO|x64.ActiveCfg = Release|x64
		{7771FB19-E2AE-498C-B637-EBA51584D173}.Release_HUAN_SUO|x64.Build.0 = Release|x64
		{7771FB19-E2AE-498C-B637-EBA51584D173}.Release_Neutral|Win32.ActiveCfg = Release_Neutral|Win32
		{7771FB19-E2AE-498C-B637-EBA51584D173}.Release_Neutral|Win32.Build.0 = Release_Neutral|Win32
		{7771FB19-E2AE-498C-B637-EBA51584D173}.Release_Neutral|x64.ActiveCfg = Release|x64
		{7771FB19-E2AE-498C-B637-EBA51584D173}.Release_Neutral|x64.Build.0 = Release|x64
		{7771FB19-E2AE-498C-B637-EBA51584D173}.Release_PicoProjector|Win32.ActiveCfg = Release|Win32
		{7771FB19-E2AE-498C-B637-EBA51584D173}.Release_PicoProjector|Win32.Build.0 = Release|Win32
		{7771FB19-E2AE-498C-B637-EBA51584D173}.Release_PicoProjector|x64.ActiveCfg = Release|x64
		{7771FB19-E2AE-498C-B637-EBA51584D173}.Release_PicoProjector|x64.Build.0 = Release|x64
		{7771FB19-E2AE-498C-B637-EBA51584D173}.Release|Win32.ActiveCfg = Release|Win32
		{7771FB19-E2AE-498C-B637-EBA51584D173}.Release|Win32.Build.0 = Release|Win32
		{7771FB19-E2AE-498C-B637-EBA51584D173}.Release|x64.ActiveCfg = Release|x64
		{7771FB19-E2AE-498C-B637-EBA51584D173}.Release|x64.Build.0 = Release|x64
		{7771FB19-E2AE-498C-B637-EBA51584D173}.RemoteDebug|Win32.ActiveCfg = RemoteDebug|Win32
		{7771FB19-E2AE-498C-B637-EBA51584D173}.RemoteDebug|Win32.Build.0 = RemoteDebug|Win32
		{7771FB19-E2AE-498C-B637-EBA51584D173}.RemoteDebug|x64.ActiveCfg = Debug|x64
		{7771FB19-E2AE-498C-B637-EBA51584D173}.RemoteDebug|x64.Build.0 = Debug|x64
		{7771FB19-E2AE-498C-B637-EBA51584D173}.RemoteDebug-xk|Win32.ActiveCfg = Debug|Win32
		{7771FB19-E2AE-498C-B637-EBA51584D173}.RemoteDebug-xk|Win32.Build.0 = Debug|Win32
		{7771FB19-E2AE-498C-B637-EBA51584D173}.RemoteDebug-xk|x64.ActiveCfg = Debug|x64
		{7771FB19-E2AE-498C-B637-EBA51584D173}.RemoteDebug-xk|x64.Build.0 = Debug|x64
		{7771FB19-E2AE-498C-B637-EBA51584D173}.RemoteRelease|Win32.ActiveCfg = Release|Win32
		{7771FB19-E2AE-498C-B637-EBA51584D173}.RemoteRelease|Win32.Build.0 = Release|Win32
		{7771FB19-E2AE-498C-B637-EBA51584D173}.RemoteRelease|x64.ActiveCfg = Release|x64
		{7771FB19-E2AE-498C-B637-EBA51584D173}.RemoteRelease|x64.Build.0 = Release|x64
	EndGlobalSection
	GlobalSection(SolutionProperties) = preSolution
		HideSolutionNode = FALSE
	EndGlobalSection
EndGlobal
